// !$*UTF8*$!
{
	archiveVersion = 1;
	classes = {
	};
	objectVersion = 46;
	objects = {

/* Begin PBXBuildFile section */
		C07EC2821B0BAECB00FC9789 /* AppDelegate.swift in Sources */ = {isa = PBXBuildFile; fileRef = C07EC2811B0BAECB00FC9789 /* AppDelegate.swift */; };
		C07EC2841B0BAECB00FC9789 /* ViewController.swift in Sources */ = {isa = PBXBuildFile; fileRef = C07EC2831B0BAECB00FC9789 /* ViewController.swift */; };
		C07EC2871B0BAECB00FC9789 /* Main.storyboard in Resources */ = {isa = PBXBuildFile; fileRef = C07EC2851B0BAECB00FC9789 /* Main.storyboard */; };
		C07EC2891B0BAECB00FC9789 /* Images.xcassets in Resources */ = {isa = PBXBuildFile; fileRef = C07EC2881B0BAECB00FC9789 /* Images.xcassets */; };
		C07EC28C1B0BAECB00FC9789 /* LaunchScreen.xib in Resources */ = {isa = PBXBuildFile; fileRef = C07EC28A1B0BAECB00FC9789 /* LaunchScreen.xib */; };
		C07EC2981B0BAECB00FC9789 /* Displaying_directions_on_the_MapTests.swift in Sources */ = {isa = PBXBuildFile; fileRef = C07EC2971B0BAECB00FC9789 /* Displaying_directions_on_the_MapTests.swift */; };
/* End PBXBuildFile section */

/* Begin PBXContainerItemProxy section */
		C07EC2921B0BAECB00FC9789 /* PBXContainerItemProxy */ = {
			isa = PBXContainerItemProxy;
			containerPortal = C07EC2741B0BAECB00FC9789 /* Project object */;
			proxyType = 1;
			remoteGlobalIDString = C07EC27B1B0BAECB00FC9789;
			remoteInfo = "Displaying directions on the Map";
		};
/* End PBXContainerItemProxy section */

/* Begin PBXFileReference section */
		C07EC27C1B0BAECB00FC9789 /* Displaying directions on the Map.app */ = {isa = PBXFileReference; explicitFileType = wrapper.application; includeInIndex = 0; path = "Displaying directions on the Map.app"; sourceTree = BUILT_PRODUCTS_DIR; };
		C07EC2801B0BAECB00FC9789 /* Info.plist */ = {isa = PBXFileReference; lastKnownFileType = text.plist.xml; path = Info.plist; sourceTree = "<group>"; };
		C07EC2811B0BAECB00FC9789 /* AppDelegate.swift */ = {isa = PBXFileReference; lastKnownFileType = sourcecode.swift; path = AppDelegate.swift; sourceTree = "<group>"; };
		C07EC2831B0BAECB00FC9789 /* ViewController.swift */ = {isa = PBXFileReference; lastKnownFileType = sourcecode.swift; path = ViewController.swift; sourceTree = "<group>"; };
		C07EC2861B0BAECB00FC9789 /* Base */ = {isa = PBXFileReference; lastKnownFileType = file.storyboard; name = Base; path = Base.lproj/Main.storyboard; sourceTree = "<group>"; };
		C07EC2881B0BAECB00FC9789 /* Images.xcassets */ = {isa = PBXFileReference; lastKnownFileType = folder.assetcatalog; path = Images.xcassets; sourceTree = "<group>"; };
		C07EC28B1B0BAECB00FC9789 /* Base */ = {isa = PBXFileReference; lastKnownFileType = file.xib; name = Base; path = Base.lproj/LaunchScreen.xib; sourceTree = "<group>"; };
		C07EC2911B0BAECB00FC9789 /* Displaying directions on the MapTests.xctest */ = {isa = PBXFileReference; explicitFileType = wrapper.cfbundle; includeInIndex = 0; path = "Displaying directions on the MapTests.xctest"; sourceTree = BUILT_PRODUCTS_DIR; };
		C07EC2961B0BAECB00FC9789 /* Info.plist */ = {isa = PBXFileReference; lastKnownFileType = text.plist.xml; path = Info.plist; sourceTree = "<group>"; };
		C07EC2971B0BAECB00FC9789 /* Displaying_directions_on_the_MapTests.swift */ = {isa = PBXFileReference; lastKnownFileType = sourcecode.swift; path = Displaying_directions_on_the_MapTests.swift; sourceTree = "<group>"; };
/* End PBXFileReference section */

/* Begin PBXFrameworksBuildPhase section */
		C07EC2791B0BAECB00FC9789 /* Frameworks */ = {
			isa = PBXFrameworksBuildPhase;
			buildActionMask = 2147483647;
			files = (
			);
			runOnlyForDeploymentPostprocessing = 0;
		};
		C07EC28E1B0BAECB00FC9789 /* Frameworks */ = {
			isa = PBXFrameworksBuildPhase;
			buildActionMask = 2147483647;
			files = (
			);
			runOnlyForDeploymentPostprocessing = 0;
		};
/* End PBXFrameworksBuildPhase section */

/* Begin PBXGroup section */
		C07EC2731B0BAECB00FC9789 = {
			isa = PBXGroup;
			children = (
				C07EC27E1B0BAECB00FC9789 /* Displaying directions on the Map */,
				C07EC2941B0BAECB00FC9789 /* Displaying directions on the MapTests */,
				C07EC27D1B0BAECB00FC9789 /* Products */,
			);
			sourceTree = "<group>";
		};
		C07EC27D1B0BAECB00FC9789 /* Products */ = {
			isa = PBXGroup;
			children = (
				C07EC27C1B0BAECB00FC9789 /* Displaying directions on the Map.app */,
				C07EC2911B0BAECB00FC9789 /* Displaying directions on the MapTests.xctest */,
			);
			name = Products;
			sourceTree = "<group>";
		};
		C07EC27E1B0BAECB00FC9789 /* Displaying directions on the Map */ = {
			isa = PBXGroup;
			children = (
				C07EC2811B0BAECB00FC9789 /* AppDelegate.swift */,
				C07EC2831B0BAECB00FC9789 /* ViewController.swift */,
				C07EC2851B0BAECB00FC9789 /* Main.storyboard */,
				C07EC2881B0BAECB00FC9789 /* Images.xcassets */,
				C07EC28A1B0BAECB00FC9789 /* LaunchScreen.xib */,
				C07EC27F1B0BAECB00FC9789 /* Supporting Files */,
			);
			path = "Displaying directions on the Map";
			sourceTree = "<group>";
		};
		C07EC27F1B0BAECB00FC9789 /* Supporting Files */ = {
			isa = PBXGroup;
			children = (
				C07EC2801B0BAECB00FC9789 /* Info.plist */,
			);
			name = "Supporting Files";
			sourceTree = "<group>";
		};
		C07EC2941B0BAECB00FC9789 /* Displaying directions on the MapTests */ = {
			isa = PBXGroup;
			children = (
				C07EC2971B0BAECB00FC9789 /* Displaying_directions_on_the_MapTests.swift */,
				C07EC2951B0BAECB00FC9789 /* Supporting Files */,
			);
			path = "Displaying directions on the MapTests";
			sourceTree = "<group>";
		};
		C07EC2951B0BAECB00FC9789 /* Supporting Files */ = {
			isa = PBXGroup;
			children = (
				C07EC2961B0BAECB00FC9789 /* Info.plist */,
			);
			name = "Supporting Files";
			sourceTree = "<group>";
		};
/* End PBXGroup section */

/* Begin PBXNativeTarget section */
		C07EC27B1B0BAECB00FC9789 /* Displaying directions on the Map */ = {
			isa = PBXNativeTarget;
			buildConfigurationList = C07EC29B1B0BAECB00FC9789 /* Build configuration list for PBXNativeTarget "Displaying directions on the Map" */;
			buildPhases = (
				C07EC2781B0BAECB00FC9789 /* Sources */,
				C07EC2791B0BAECB00FC9789 /* Frameworks */,
				C07EC27A1B0BAECB00FC9789 /* Resources */,
			);
			buildRules = (
			);
			dependencies = (
			);
			name = "Displaying directions on the Map";
			productName = "Displaying directions on the Map";
			productReference = C07EC27C1B0BAECB00FC9789 /* Displaying directions on the Map.app */;
			productType = "com.apple.product-type.application";
		};
		C07EC2901B0BAECB00FC9789 /* Displaying directions on the MapTests */ = {
			isa = PBXNativeTarget;
			buildConfigurationList = C07EC29E1B0BAECB00FC9789 /* Build configuration list for PBXNativeTarget "Displaying directions on the MapTests" */;
			buildPhases = (
				C07EC28D1B0BAECB00FC9789 /* Sources */,
				C07EC28E1B0BAECB00FC9789 /* Frameworks */,
				C07EC28F1B0BAECB00FC9789 /* Resources */,
			);
			buildRules = (
			);
			dependencies = (
				C07EC2931B0BAECB00FC9789 /* PBXTargetDependency */,
			);
			name = "Displaying directions on the MapTests";
			productName = "Displaying directions on the MapTests";
			productReference = C07EC2911B0BAECB00FC9789 /* Displaying directions on the MapTests.xctest */;
			productType = "com.apple.product-type.bundle.unit-test";
		};
/* End PBXNativeTarget section */

/* Begin PBXProject section */
		C07EC2741B0BAECB00FC9789 /* Project object */ = {
			isa = PBXProject;
			attributes = {
				LastUpgradeCheck = 0630;
				ORGANIZATIONNAME = Domenico;
				TargetAttributes = {
					C07EC27B1B0BAECB00FC9789 = {
						CreatedOnToolsVersion = 6.3.1;
					};
					C07EC2901B0BAECB00FC9789 = {
						CreatedOnToolsVersion = 6.3.1;
						TestTargetID = C07EC27B1B0BAECB00FC9789;
					};
				};
			};
			buildConfigurationList = C07EC2771B0BAECB00FC9789 /* Build configuration list for PBXProject "Displaying directions on the Map" */;
			compatibilityVersion = "Xcode 3.2";
			developmentRegion = English;
			hasScannedForEncodings = 0;
			knownRegions = (
				en,
				Base,
			);
			mainGroup = C07EC2731B0BAECB00FC9789;
			productRefGroup = C07EC27D1B0BAECB00FC9789 /* Products */;
			projectDirPath = "";
			projectRoot = "";
			targets = (
				C07EC27B1B0BAECB00FC9789 /* Displaying directions on the Map */,
				C07EC2901B0BAECB00FC9789 /* Displaying directions on the MapTests */,
			);
		};
/* End PBXProject section */

/* Begin PBXResourcesBuildPhase section */
		C07EC27A1B0BAECB00FC9789 /* Resources */ = {
			isa = PBXResourcesBuildPhase;
			buildActionMask = 2147483647;
			files = (
				C07EC2871B0BAECB00FC9789 /* Main.storyboard in Resources */,
				C07EC28C1B0BAECB00FC9789 /* LaunchScreen.xib in Resources */,
				C07EC2891B0BAECB00FC9789 /* Images.xcassets in Resources */,
			);
			runOnlyForDeploymentPostprocessing = 0;
		};
		C07EC28F1B0BAECB00FC9789 /* Resources */ = {
			isa = PBXResourcesBuildPhase;
			buildActionMask = 2147483647;
			files = (
			);
			runOnlyForDeploymentPostprocessing = 0;
		};
/* End PBXResourcesBuildPhase section */

/* Begin PBXSourcesBuildPhase section */
		C07EC2781B0BAECB00FC9789 /* Sources */ = {
			isa = PBXSourcesBuildPhase;
			buildActionMask = 2147483647;
			files = (
				C07EC2841B0BAECB00FC9789 /* ViewController.swift in Sources */,
				C07EC2821B0BAECB00FC9789 /* AppDelegate.swift in Sources */,
			);
			runOnlyForDeploymentPostprocessing = 0;
		};
		C07EC28D1B0BAECB00FC9789 /* Sources */ = {
			isa = PBXSourcesBuildPhase;
			buildActionMask = 2147483647;
			files = (
				C07EC2981B0BAECB00FC9789 /* Displaying_directions_on_the_MapTests.swift in Sources */,
			);
			runOnlyForDeploymentPostprocessing = 0;
		};
/* End PBXSourcesBuildPhase section */

/* Begin PBXTargetDependency section */
		C07EC2931B0BAECB00FC9789 /* PBXTargetDependency */ = {
			isa = PBXTargetDependency;
			target = C07EC27B1B0BAECB00FC9789 /* Displaying directions on the Map */;
			targetProxy = C07EC2921B0BAECB00FC9789 /* PBXContainerItemProxy */;
		};
/* End PBXTargetDependency section */

/* Begin PBXVariantGroup section */
		C07EC2851B0BAECB00FC9789 /* Main.storyboard */ = {
			isa = PBXVariantGroup;
			children = (
				C07EC2861B0BAECB00FC9789 /* Base */,
			);
			name = Main.storyboard;
			sourceTree = "<group>";
		};
		C07EC28A1B0BAECB00FC9789 /* LaunchScreen.xib */ = {
			isa = PBXVariantGroup;
			children = (
				C07EC28B1B0BAECB00FC9789 /* Base */,
			);
			name = LaunchScreen.xib;
			sourceTree = "<group>";
		};
/* End PBXVariantGroup section */

/* Begin XCBuildConfiguration section */
		C07EC2991B0BAECB00FC9789 /* Debug */ = {
			isa = XCBuildConfiguration;
			buildSettings = {
				ALWAYS_SEARCH_USER_PATHS = NO;
				CLANG_CXX_LANGUAGE_STANDARD = "gnu++0x";
				CLANG_CXX_LIBRARY = "libc++";
				CLANG_ENABLE_MODULES = YES;
				CLANG_ENABLE_OBJC_ARC = YES;
				CLANG_WARN_BOOL_CONVERSION = YES;
				CLANG_WARN_CONSTANT_CONVERSION = YES;
				CLANG_WARN_DIRECT_OBJC_ISA_USAGE = YES_ERROR;
				CLANG_WARN_EMPTY_BODY = YES;
				CLANG_WARN_ENUM_CONVERSION = YES;
				CLANG_WARN_INT_CONVERSION = YES;
				CLANG_WARN_OBJC_ROOT_CLASS = YES_ERROR;
				CLANG_WARN_UNREACHABLE_CODE = YES;
				CLANG_WARN__DUPLICATE_METHOD_MATCH = YES;
				"CODE_SIGN_IDENTITY[sdk=iphoneos*]" = "iPhone Developer";
				COPY_PHASE_STRIP = NO;
				DEBUG_INFORMATION_FORMAT = "dwarf-with-dsym";
				ENABLE_STRICT_OBJC_MSGSEND = YES;
				GCC_C_LANGUAGE_STANDARD = gnu99;
				GCC_DYNAMIC_NO_PIC = NO;
				GCC_NO_COMMON_BLOCKS = YES;
				GCC_OPTIMIZATION_LEVEL = 0;
				GCC_PREPROCESSOR_DEFINITIONS = (
					"DEBUG=1",
					"$(inherited)",
				);
				GCC_SYMBOLS_PRIVATE_EXTERN = NO;
				GCC_WARN_64_TO_32_BIT_CONVERSION = YES;
				GCC_WARN_ABOUT_RETURN_TYPE = YES_ERROR;
				GCC_WARN_UNDECLARED_SELECTOR = YES;
				GCC_WARN_UNINITIALIZED_AUTOS = YES_AGGRESSIVE;
				GCC_WARN_UNUSED_FUNCTION = YES;
				GCC_WARN_UNUSED_VARIABLE = YES;
				IPHONEOS_DEPLOYMENT_TARGET = 8.3;
				MTL_ENABLE_DEBUG_INFO = YES;
				ONLY_ACTIVE_ARCH = YES;
				SDKROOT = iphoneos;
				SWIFT_OPTIMIZATION_LEVEL = "-Onone";
				TARGETED_DEVICE_FAMILY = "1,2";
			};
			name = Debug;
		};
		C07EC29A1B0BAECB00FC9789 /* Release */ = {
			isa = XCBuildConfiguration;
			buildSettings = {
				ALWAYS_SEARCH_USER_PATHS = NO;
				CLANG_CXX_LANGUAGE_STANDARD = "gnu++0x";
				CLANG_CXX_LIBRARY = "libc++";
				CLANG_ENABLE_MODULES = YES;
				CLANG_ENABLE_OBJC_ARC = YES;
				CLANG_WARN_BOOL_CONVERSION = YES;
				CLANG_WARN_CONSTANT_CONVERSION = YES;
				CLANG_WARN_DIRECT_OBJC_ISA_USAGE = YES_ERROR;
				CLANG_WARN_EMPTY_BODY = YES;
				CLANG_WARN_ENUM_CONVERSION = YES;
				CLANG_WARN_INT_CONVERSION = YES;
				CLANG_WARN_OBJC_ROOT_CLASS = YES_ERROR;
				CLANG_WARN_UNREACHABLE_CODE = YES;
				CLANG_WARN__DUPLICATE_METHOD_MATCH = YES;
				"CODE_SIGN_IDENTITY[sdk=iphoneos*]" = "iPhone Developer";
				COPY_PHASE_STRIP = NO;
				DEBUG_INFORMATION_FORMAT = "dwarf-with-dsym";
				ENABLE_NS_ASSERTIONS = NO;
				ENABLE_STRICT_OBJC_MSGSEND = YES;
				GCC_C_LANGUAGE_STANDARD = gnu99;
				GCC_NO_COMMON_BLOCKS = YES;
				GCC_WARN_64_TO_32_BIT_CONVERSION = YES;
				GCC_WARN_ABOUT_RETURN_TYPE = YES_ERROR;
				GCC_WARN_UNDECLARED_SELECTOR = YES;
				GCC_WARN_UNINITIALIZED_AUTOS = YES_AGGRESSIVE;
				GCC_WARN_UNUSED_FUNCTION = YES;
				GCC_WARN_UNUSED_VARIABLE = YES;
				IPHONEOS_DEPLOYMENT_TARGET = 8.3;
				MTL_ENABLE_DEBUG_INFO = NO;
				SDKROOT = iphoneos;
				TARGETED_DEVICE_FAMILY = "1,2";
				VALIDATE_PRODUCT = YES;
			};
			name = Release;
		};
		C07EC29C1B0BAECB00FC9789 /* Debug */ = {
			isa = XCBuildConfiguration;
			buildSettings = {
				ASSETCATALOG_COMPILER_APPICON_NAME = AppIcon;
				INFOPLIST_FILE = "Displaying directions on the Map/Info.plist";
				LD_RUNPATH_SEARCH_PATHS = "$(inherited) @executable_path/Frameworks";
				PRODUCT_NAME = "$(TARGET_NAME)";
			};
			name = Debug;
		};
		C07EC29D1B0BAECB00FC9789 /* Release */ = {
			isa = XCBuildConfiguration;
			buildSettings = {
				ASSETCATALOG_COMPILER_APPICON_NAME = AppIcon;
				INFOPLIST_FILE = "Displaying directions on the Map/Info.plist";
				LD_RUNPATH_SEARCH_PATHS = "$(inherited) @executable_path/Frameworks";
				PRODUCT_NAME = "$(TARGET_NAME)";
			};
			name = Release;
		};
		C07EC29F1B0BAECB00FC9789 /* Debug */ = {
			isa = XCBuildConfiguration;
			buildSettings = {
				BUNDLE_LOADER = "$(TEST_HOST)";
				FRAMEWORK_SEARCH_PATHS = (
					"$(SDKROOT)/Developer/Library/Frameworks",
					"$(inherited)",
				);
				GCC_PREPROCESSOR_DEFINITIONS = (
					"DEBUG=1",
					"$(inherited)",
				);
				INFOPLIST_FILE = "Displaying directions on the MapTests/Info.plist";
				LD_RUNPATH_SEARCH_PATHS = "$(inherited) @executable_path/Frameworks @loader_path/Frameworks";
				PRODUCT_NAME = "$(TARGET_NAME)";
				TEST_HOST = "$(BUILT_PRODUCTS_DIR)/Displaying directions on the Map.app/Displaying directions on the Map";
			};
			name = Debug;
		};
		C07EC2A01B0BAECB00FC9789 /* Release */ = {
			isa = XCBuildConfiguration;
			buildSettings = {
				BUNDLE_LOADER = "$(TEST_HOST)";
				FRAMEWORK_SEARCH_PATHS = (
					"$(SDKROOT)/Developer/Library/Frameworks",
					"$(inherited)",
				);
				INFOPLIST_FILE = "Displaying directions on the MapTests/Info.plist";
				LD_RUNPATH_SEARCH_PATHS = "$(inherited) @executable_path/Frameworks @loader_path/Frameworks";
				PRODUCT_NAME = "$(TARGET_NAME)";
				TEST_HOST = "$(BUILT_PRODUCTS_DIR)/Displaying directions on the Map.app/Displaying directions on the Map";
			};
			name = Release;
		};
/* End XCBuildConfiguration section */

/* Begin XCConfigurationList section */
		C07EC2771B0BAECB00FC9789 /* Build configuration list for PBXProject "Displaying directions on the Map" */ = {
			isa = XCConfigurationList;
			buildConfigurations = (
				C07EC2991B0BAECB00FC9789 /* Debug */,
				C07EC29A1B0BAECB00FC9789 /* Release */,
			);
			defaultConfigurationIsVisible = 0;
			defaultConfigurationName = Release;
		};
		C07EC29B1B0BAECB00FC9789 /* Build configuration list for PBXNativeTarget "Displaying directions on the Map" */ = {
			isa = XCConfigurationList;
			buildConfigurations = (
				C07EC29C1B0BAECB00FC9789 /* Debug */,
				C07EC29D1B0BAECB00FC9789 /* Release */,
			);
			defaultConfigurationIsVisible = 0;
		};
		C07EC29E1B0BAECB00FC9789 /* Build configuration list for PBXNativeTarget "Displaying directions on the MapTests" */ = {
			isa = XCConfigurationList;
			buildConfigurations = (
				C07EC29F1B0BAECB00FC9789 /* Debug */,
				C07EC2A01B0BAECB00FC9789 /* Release */,
			);
			defaultConfigurationIsVisible = 0;
		};
/* End XCConfigurationList section */
	};
	rootObject = C07EC2741B0BAECB00FC9789 /* Project object */;
}
