// !$*UTF8*$!
{
	archiveVersion = 1;
	classes = {
	};
	objectVersion = 46;
	objects = {

/* Begin PBXBuildFile section */
		C0CB1B2A1AF389F800E0E2E0 /* AppDelegate.swift in Sources */ = {isa = PBXBuildFile; fileRef = C0CB1B291AF389F800E0E2E0 /* AppDelegate.swift */; };
		C0CB1B2C1AF389F800E0E2E0 /* GameScene.sks in Resources */ = {isa = PBXBuildFile; fileRef = C0CB1B2B1AF389F800E0E2E0 /* GameScene.sks */; };
		C0CB1B2E1AF389F800E0E2E0 /* GameScene.swift in Sources */ = {isa = PBXBuildFile; fileRef = C0CB1B2D1AF389F800E0E2E0 /* GameScene.swift */; };
		C0CB1B301AF389F800E0E2E0 /* GameViewController.swift in Sources */ = {isa = PBXBuildFile; fileRef = C0CB1B2F1AF389F800E0E2E0 /* GameViewController.swift */; };
		C0CB1B331AF389F800E0E2E0 /* Main.storyboard in Resources */ = {isa = PBXBuildFile; fileRef = C0CB1B311AF389F800E0E2E0 /* Main.storyboard */; };
		C0CB1B351AF389F800E0E2E0 /* Images.xcassets in Resources */ = {isa = PBXBuildFile; fileRef = C0CB1B341AF389F800E0E2E0 /* Images.xcassets */; };
		C0CB1B381AF389F800E0E2E0 /* LaunchScreen.xib in Resources */ = {isa = PBXBuildFile; fileRef = C0CB1B361AF389F800E0E2E0 /* LaunchScreen.xib */; };
		C0CB1B441AF389F800E0E2E0 /* TextShooterTests.swift in Sources */ = {isa = PBXBuildFile; fileRef = C0CB1B431AF389F800E0E2E0 /* TextShooterTests.swift */; };
/* End PBXBuildFile section */

/* Begin PBXContainerItemProxy section */
		C0CB1B3E1AF389F800E0E2E0 /* PBXContainerItemProxy */ = {
			isa = PBXContainerItemProxy;
			containerPortal = C0CB1B1C1AF389F800E0E2E0 /* Project object */;
			proxyType = 1;
			remoteGlobalIDString = C0CB1B231AF389F800E0E2E0;
			remoteInfo = TextShooter;
		};
/* End PBXContainerItemProxy section */

/* Begin PBXFileReference section */
		C0CB1B241AF389F800E0E2E0 /* TextShooter.app */ = {isa = PBXFileReference; explicitFileType = wrapper.application; includeInIndex = 0; path = TextShooter.app; sourceTree = BUILT_PRODUCTS_DIR; };
		C0CB1B281AF389F800E0E2E0 /* Info.plist */ = {isa = PBXFileReference; lastKnownFileType = text.plist.xml; path = Info.plist; sourceTree = "<group>"; };
		C0CB1B291AF389F800E0E2E0 /* AppDelegate.swift */ = {isa = PBXFileReference; lastKnownFileType = sourcecode.swift; path = AppDelegate.swift; sourceTree = "<group>"; };
		C0CB1B2B1AF389F800E0E2E0 /* GameScene.sks */ = {isa = PBXFileReference; lastKnownFileType = file.sks; path = GameScene.sks; sourceTree = "<group>"; };
		C0CB1B2D1AF389F800E0E2E0 /* GameScene.swift */ = {isa = PBXFileReference; lastKnownFileType = sourcecode.swift; path = GameScene.swift; sourceTree = "<group>"; };
		C0CB1B2F1AF389F800E0E2E0 /* GameViewController.swift */ = {isa = PBXFileReference; lastKnownFileType = sourcecode.swift; path = GameViewController.swift; sourceTree = "<group>"; };
		C0CB1B321AF389F800E0E2E0 /* Base */ = {isa = PBXFileReference; lastKnownFileType = file.storyboard; name = Base; path = Base.lproj/Main.storyboard; sourceTree = "<group>"; };
		C0CB1B341AF389F800E0E2E0 /* Images.xcassets */ = {isa = PBXFileReference; lastKnownFileType = folder.assetcatalog; path = Images.xcassets; sourceTree = "<group>"; };
		C0CB1B371AF389F800E0E2E0 /* Base */ = {isa = PBXFileReference; lastKnownFileType = file.xib; name = Base; path = Base.lproj/LaunchScreen.xib; sourceTree = "<group>"; };
		C0CB1B3D1AF389F800E0E2E0 /* TextShooterTests.xctest */ = {isa = PBXFileReference; explicitFileType = wrapper.cfbundle; includeInIndex = 0; path = TextShooterTests.xctest; sourceTree = BUILT_PRODUCTS_DIR; };
		C0CB1B421AF389F800E0E2E0 /* Info.plist */ = {isa = PBXFileReference; lastKnownFileType = text.plist.xml; path = Info.plist; sourceTree = "<group>"; };
		C0CB1B431AF389F800E0E2E0 /* TextShooterTests.swift */ = {isa = PBXFileReference; lastKnownFileType = sourcecode.swift; path = TextShooterTests.swift; sourceTree = "<group>"; };
/* End PBXFileReference section */

/* Begin PBXFrameworksBuildPhase section */
		C0CB1B211AF389F800E0E2E0 /* Frameworks */ = {
			isa = PBXFrameworksBuildPhase;
			buildActionMask = 2147483647;
			files = (
			);
			runOnlyForDeploymentPostprocessing = 0;
		};
		C0CB1B3A1AF389F800E0E2E0 /* Frameworks */ = {
			isa = PBXFrameworksBuildPhase;
			buildActionMask = 2147483647;
			files = (
			);
			runOnlyForDeploymentPostprocessing = 0;
		};
/* End PBXFrameworksBuildPhase section */

/* Begin PBXGroup section */
		C0CB1B1B1AF389F800E0E2E0 = {
			isa = PBXGroup;
			children = (
				C0CB1B261AF389F800E0E2E0 /* TextShooter */,
				C0CB1B401AF389F800E0E2E0 /* TextShooterTests */,
				C0CB1B251AF389F800E0E2E0 /* Products */,
			);
			sourceTree = "<group>";
		};
		C0CB1B251AF389F800E0E2E0 /* Products */ = {
			isa = PBXGroup;
			children = (
				C0CB1B241AF389F800E0E2E0 /* TextShooter.app */,
				C0CB1B3D1AF389F800E0E2E0 /* TextShooterTests.xctest */,
			);
			name = Products;
			sourceTree = "<group>";
		};
		C0CB1B261AF389F800E0E2E0 /* TextShooter */ = {
			isa = PBXGroup;
			children = (
				C0CB1B291AF389F800E0E2E0 /* AppDelegate.swift */,
				C0CB1B2B1AF389F800E0E2E0 /* GameScene.sks */,
				C0CB1B2D1AF389F800E0E2E0 /* GameScene.swift */,
				C0CB1B2F1AF389F800E0E2E0 /* GameViewController.swift */,
				C0CB1B311AF389F800E0E2E0 /* Main.storyboard */,
				C0CB1B341AF389F800E0E2E0 /* Images.xcassets */,
				C0CB1B361AF389F800E0E2E0 /* LaunchScreen.xib */,
				C0CB1B271AF389F800E0E2E0 /* Supporting Files */,
			);
			path = TextShooter;
			sourceTree = "<group>";
		};
		C0CB1B271AF389F800E0E2E0 /* Supporting Files */ = {
			isa = PBXGroup;
			children = (
				C0CB1B281AF389F800E0E2E0 /* Info.plist */,
			);
			name = "Supporting Files";
			sourceTree = "<group>";
		};
		C0CB1B401AF389F800E0E2E0 /* TextShooterTests */ = {
			isa = PBXGroup;
			children = (
				C0CB1B431AF389F800E0E2E0 /* TextShooterTests.swift */,
				C0CB1B411AF389F800E0E2E0 /* Supporting Files */,
			);
			path = TextShooterTests;
			sourceTree = "<group>";
		};
		C0CB1B411AF389F800E0E2E0 /* Supporting Files */ = {
			isa = PBXGroup;
			children = (
				C0CB1B421AF389F800E0E2E0 /* Info.plist */,
			);
			name = "Supporting Files";
			sourceTree = "<group>";
		};
/* End PBXGroup section */

/* Begin PBXNativeTarget section */
		C0CB1B231AF389F800E0E2E0 /* TextShooter */ = {
			isa = PBXNativeTarget;
			buildConfigurationList = C0CB1B471AF389F800E0E2E0 /* Build configuration list for PBXNativeTarget "TextShooter" */;
			buildPhases = (
				C0CB1B201AF389F800E0E2E0 /* Sources */,
				C0CB1B211AF389F800E0E2E0 /* Frameworks */,
				C0CB1B221AF389F800E0E2E0 /* Resources */,
			);
			buildRules = (
			);
			dependencies = (
			);
			name = TextShooter;
			productName = TextShooter;
			productReference = C0CB1B241AF389F800E0E2E0 /* TextShooter.app */;
			productType = "com.apple.product-type.application";
		};
		C0CB1B3C1AF389F800E0E2E0 /* TextShooterTests */ = {
			isa = PBXNativeTarget;
			buildConfigurationList = C0CB1B4A1AF389F800E0E2E0 /* Build configuration list for PBXNativeTarget "TextShooterTests" */;
			buildPhases = (
				C0CB1B391AF389F800E0E2E0 /* Sources */,
				C0CB1B3A1AF389F800E0E2E0 /* Frameworks */,
				C0CB1B3B1AF389F800E0E2E0 /* Resources */,
			);
			buildRules = (
			);
			dependencies = (
				C0CB1B3F1AF389F800E0E2E0 /* PBXTargetDependency */,
			);
			name = TextShooterTests;
			productName = TextShooterTests;
			productReference = C0CB1B3D1AF389F800E0E2E0 /* TextShooterTests.xctest */;
			productType = "com.apple.product-type.bundle.unit-test";
		};
/* End PBXNativeTarget section */

/* Begin PBXProject section */
		C0CB1B1C1AF389F800E0E2E0 /* Project object */ = {
			isa = PBXProject;
			attributes = {
				LastUpgradeCheck = 0630;
				ORGANIZATIONNAME = Domenico;
				TargetAttributes = {
					C0CB1B231AF389F800E0E2E0 = {
						CreatedOnToolsVersion = 6.3.1;
					};
					C0CB1B3C1AF389F800E0E2E0 = {
						CreatedOnToolsVersion = 6.3.1;
						TestTargetID = C0CB1B231AF389F800E0E2E0;
					};
				};
			};
			buildConfigurationList = C0CB1B1F1AF389F800E0E2E0 /* Build configuration list for PBXProject "TextShooter" */;
			compatibilityVersion = "Xcode 3.2";
			developmentRegion = English;
			hasScannedForEncodings = 0;
			knownRegions = (
				en,
				Base,
			);
			mainGroup = C0CB1B1B1AF389F800E0E2E0;
			productRefGroup = C0CB1B251AF389F800E0E2E0 /* Products */;
			projectDirPath = "";
			projectRoot = "";
			targets = (
				C0CB1B231AF389F800E0E2E0 /* TextShooter */,
				C0CB1B3C1AF389F800E0E2E0 /* TextShooterTests */,
			);
		};
/* End PBXProject section */

/* Begin PBXResourcesBuildPhase section */
		C0CB1B221AF389F800E0E2E0 /* Resources */ = {
			isa = PBXResourcesBuildPhase;
			buildActionMask = 2147483647;
			files = (
				C0CB1B381AF389F800E0E2E0 /* LaunchScreen.xib in Resources */,
				C0CB1B351AF389F800E0E2E0 /* Images.xcassets in Resources */,
				C0CB1B2C1AF389F800E0E2E0 /* GameScene.sks in Resources */,
				C0CB1B331AF389F800E0E2E0 /* Main.storyboard in Resources */,
			);
			runOnlyForDeploymentPostprocessing = 0;
		};
		C0CB1B3B1AF389F800E0E2E0 /* Resources */ = {
			isa = PBXResourcesBuildPhase;
			buildActionMask = 2147483647;
			files = (
			);
			runOnlyForDeploymentPostprocessing = 0;
		};
/* End PBXResourcesBuildPhase section */

/* Begin PBXSourcesBuildPhase section */
		C0CB1B201AF389F800E0E2E0 /* Sources */ = {
			isa = PBXSourcesBuildPhase;
			buildActionMask = 2147483647;
			files = (
				C0CB1B2E1AF389F800E0E2E0 /* GameScene.swift in Sources */,
				C0CB1B301AF389F800E0E2E0 /* GameViewController.swift in Sources */,
				C0CB1B2A1AF389F800E0E2E0 /* AppDelegate.swift in Sources */,
			);
			runOnlyForDeploymentPostprocessing = 0;
		};
		C0CB1B391AF389F800E0E2E0 /* Sources */ = {
			isa = PBXSourcesBuildPhase;
			buildActionMask = 2147483647;
			files = (
				C0CB1B441AF389F800E0E2E0 /* TextShooterTests.swift in Sources */,
			);
			runOnlyForDeploymentPostprocessing = 0;
		};
/* End PBXSourcesBuildPhase section */

/* Begin PBXTargetDependency section */
		C0CB1B3F1AF389F800E0E2E0 /* PBXTargetDependency */ = {
			isa = PBXTargetDependency;
			target = C0CB1B231AF389F800E0E2E0 /* TextShooter */;
			targetProxy = C0CB1B3E1AF389F800E0E2E0 /* PBXContainerItemProxy */;
		};
/* End PBXTargetDependency section */

/* Begin PBXVariantGroup section */
		C0CB1B311AF389F800E0E2E0 /* Main.storyboard */ = {
			isa = PBXVariantGroup;
			children = (
				C0CB1B321AF389F800E0E2E0 /* Base */,
			);
			name = Main.storyboard;
			sourceTree = "<group>";
		};
		C0CB1B361AF389F800E0E2E0 /* LaunchScreen.xib */ = {
			isa = PBXVariantGroup;
			children = (
				C0CB1B371AF389F800E0E2E0 /* Base */,
			);
			name = LaunchScreen.xib;
			sourceTree = "<group>";
		};
/* End PBXVariantGroup section */

/* Begin XCBuildConfiguration section */
		C0CB1B451AF389F800E0E2E0 /* Debug */ = {
			isa = XCBuildConfiguration;
			buildSettings = {
				ALWAYS_SEARCH_USER_PATHS = NO;
				CLANG_CXX_LANGUAGE_STANDARD = "gnu++0x";
				CLANG_CXX_LIBRARY = "libc++";
				CLANG_ENABLE_MODULES = YES;
				CLANG_ENABLE_OBJC_ARC = YES;
				CLANG_WARN_BOOL_CONVERSION = YES;
				CLANG_WARN_CONSTANT_CONVERSION = YES;
				CLANG_WARN_DIRECT_OBJC_ISA_USAGE = YES_ERROR;
				CLANG_WARN_EMPTY_BODY = YES;
				CLANG_WARN_ENUM_CONVERSION = YES;
				CLANG_WARN_INT_CONVERSION = YES;
				CLANG_WARN_OBJC_ROOT_CLASS = YES_ERROR;
				CLANG_WARN_UNREACHABLE_CODE = YES;
				CLANG_WARN__DUPLICATE_METHOD_MATCH = YES;
				"CODE_SIGN_IDENTITY[sdk=iphoneos*]" = "iPhone Developer";
				COPY_PHASE_STRIP = NO;
				DEBUG_INFORMATION_FORMAT = "dwarf-with-dsym";
				ENABLE_STRICT_OBJC_MSGSEND = YES;
				GCC_C_LANGUAGE_STANDARD = gnu99;
				GCC_DYNAMIC_NO_PIC = NO;
				GCC_NO_COMMON_BLOCKS = YES;
				GCC_OPTIMIZATION_LEVEL = 0;
				GCC_PREPROCESSOR_DEFINITIONS = (
					"DEBUG=1",
					"$(inherited)",
				);
				GCC_SYMBOLS_PRIVATE_EXTERN = NO;
				GCC_WARN_64_TO_32_BIT_CONVERSION = YES;
				GCC_WARN_ABOUT_RETURN_TYPE = YES_ERROR;
				GCC_WARN_UNDECLARED_SELECTOR = YES;
				GCC_WARN_UNINITIALIZED_AUTOS = YES_AGGRESSIVE;
				GCC_WARN_UNUSED_FUNCTION = YES;
				GCC_WARN_UNUSED_VARIABLE = YES;
				IPHONEOS_DEPLOYMENT_TARGET = 8.3;
				MTL_ENABLE_DEBUG_INFO = YES;
				ONLY_ACTIVE_ARCH = YES;
				SDKROOT = iphoneos;
				SWIFT_OPTIMIZATION_LEVEL = "-Onone";
				TARGETED_DEVICE_FAMILY = "1,2";
			};
			name = Debug;
		};
		C0CB1B461AF389F800E0E2E0 /* Release */ = {
			isa = XCBuildConfiguration;
			buildSettings = {
				ALWAYS_SEARCH_USER_PATHS = NO;
				CLANG_CXX_LANGUAGE_STANDARD = "gnu++0x";
				CLANG_CXX_LIBRARY = "libc++";
				CLANG_ENABLE_MODULES = YES;
				CLANG_ENABLE_OBJC_ARC = YES;
				CLANG_WARN_BOOL_CONVERSION = YES;
				CLANG_WARN_CONSTANT_CONVERSION = YES;
				CLANG_WARN_DIRECT_OBJC_ISA_USAGE = YES_ERROR;
				CLANG_WARN_EMPTY_BODY = YES;
				CLANG_WARN_ENUM_CONVERSION = YES;
				CLANG_WARN_INT_CONVERSION = YES;
				CLANG_WARN_OBJC_ROOT_CLASS = YES_ERROR;
				CLANG_WARN_UNREACHABLE_CODE = YES;
				CLANG_WARN__DUPLICATE_METHOD_MATCH = YES;
				"CODE_SIGN_IDENTITY[sdk=iphoneos*]" = "iPhone Developer";
				COPY_PHASE_STRIP = NO;
				DEBUG_INFORMATION_FORMAT = "dwarf-with-dsym";
				ENABLE_NS_ASSERTIONS = NO;
				ENABLE_STRICT_OBJC_MSGSEND = YES;
				GCC_C_LANGUAGE_STANDARD = gnu99;
				GCC_NO_COMMON_BLOCKS = YES;
				GCC_WARN_64_TO_32_BIT_CONVERSION = YES;
				GCC_WARN_ABOUT_RETURN_TYPE = YES_ERROR;
				GCC_WARN_UNDECLARED_SELECTOR = YES;
				GCC_WARN_UNINITIALIZED_AUTOS = YES_AGGRESSIVE;
				GCC_WARN_UNUSED_FUNCTION = YES;
				GCC_WARN_UNUSED_VARIABLE = YES;
				IPHONEOS_DEPLOYMENT_TARGET = 8.3;
				MTL_ENABLE_DEBUG_INFO = NO;
				SDKROOT = iphoneos;
				TARGETED_DEVICE_FAMILY = "1,2";
				VALIDATE_PRODUCT = YES;
			};
			name = Release;
		};
		C0CB1B481AF389F800E0E2E0 /* Debug */ = {
			isa = XCBuildConfiguration;
			buildSettings = {
				ASSETCATALOG_COMPILER_APPICON_NAME = AppIcon;
				INFOPLIST_FILE = TextShooter/Info.plist;
				LD_RUNPATH_SEARCH_PATHS = "$(inherited) @executable_path/Frameworks";
				PRODUCT_NAME = "$(TARGET_NAME)";
			};
			name = Debug;
		};
		C0CB1B491AF389F800E0E2E0 /* Release */ = {
			isa = XCBuildConfiguration;
			buildSettings = {
				ASSETCATALOG_COMPILER_APPICON_NAME = AppIcon;
				INFOPLIST_FILE = TextShooter/Info.plist;
				LD_RUNPATH_SEARCH_PATHS = "$(inherited) @executable_path/Frameworks";
				PRODUCT_NAME = "$(TARGET_NAME)";
			};
			name = Release;
		};
		C0CB1B4B1AF389F800E0E2E0 /* Debug */ = {
			isa = XCBuildConfiguration;
			buildSettings = {
				BUNDLE_LOADER = "$(TEST_HOST)";
				FRAMEWORK_SEARCH_PATHS = (
					"$(SDKROOT)/Developer/Library/Frameworks",
					"$(inherited)",
				);
				GCC_PREPROCESSOR_DEFINITIONS = (
					"DEBUG=1",
					"$(inherited)",
				);
				INFOPLIST_FILE = TextShooterTests/Info.plist;
				LD_RUNPATH_SEARCH_PATHS = "$(inherited) @executable_path/Frameworks @loader_path/Frameworks";
				PRODUCT_NAME = "$(TARGET_NAME)";
				TEST_HOST = "$(BUILT_PRODUCTS_DIR)/TextShooter.app/TextShooter";
			};
			name = Debug;
		};
		C0CB1B4C1AF389F800E0E2E0 /* Release */ = {
			isa = XCBuildConfiguration;
			buildSettings = {
				BUNDLE_LOADER = "$(TEST_HOST)";
				FRAMEWORK_SEARCH_PATHS = (
					"$(SDKROOT)/Developer/Library/Frameworks",
					"$(inherited)",
				);
				INFOPLIST_FILE = TextShooterTests/Info.plist;
				LD_RUNPATH_SEARCH_PATHS = "$(inherited) @executable_path/Frameworks @loader_path/Frameworks";
				PRODUCT_NAME = "$(TARGET_NAME)";
				TEST_HOST = "$(BUILT_PRODUCTS_DIR)/TextShooter.app/TextShooter";
			};
			name = Release;
		};
/* End XCBuildConfiguration section */

/* Begin XCConfigurationList section */
		C0CB1B1F1AF389F800E0E2E0 /* Build configuration list for PBXProject "TextShooter" */ = {
			isa = XCConfigurationList;
			buildConfigurations = (
				C0CB1B451AF389F800E0E2E0 /* Debug */,
				C0CB1B461AF389F800E0E2E0 /* Release */,
			);
			defaultConfigurationIsVisible = 0;
			defaultConfigurationName = Release;
		};
		C0CB1B471AF389F800E0E2E0 /* Build configuration list for PBXNativeTarget "TextShooter" */ = {
			isa = XCConfigurationList;
			buildConfigurations = (
				C0CB1B481AF389F800E0E2E0 /* Debug */,
				C0CB1B491AF389F800E0E2E0 /* Release */,
			);
			defaultConfigurationIsVisible = 0;
		};
		C0CB1B4A1AF389F800E0E2E0 /* Build configuration list for PBXNativeTarget "TextShooterTests" */ = {
			isa = XCConfigurationList;
			buildConfigurations = (
				C0CB1B4B1AF389F800E0E2E0 /* Debug */,
				C0CB1B4C1AF389F800E0E2E0 /* Release */,
			);
			defaultConfigurationIsVisible = 0;
		};
/* End XCConfigurationList section */
	};
	rootObject = C0CB1B1C1AF389F800E0E2E0 /* Project object */;
}
