// !$*UTF8*$!
{
	archiveVersion = 1;
	classes = {
	};
	objectVersion = 46;
	objects = {

/* Begin PBXBuildFile section */
		C073D8D71ADD8EE800EDF296 /* AppDelegate.swift in Sources */ = {isa = PBXBuildFile; fileRef = C073D8D61ADD8EE800EDF296 /* AppDelegate.swift */; };
		C073D8D91ADD8EE800EDF296 /* ViewController.swift in Sources */ = {isa = PBXBuildFile; fileRef = C073D8D81ADD8EE800EDF296 /* ViewController.swift */; };
		C073D8DC1ADD8EE800EDF296 /* Main.storyboard in Resources */ = {isa = PBXBuildFile; fileRef = C073D8DA1ADD8EE800EDF296 /* Main.storyboard */; };
		C073D8DE1ADD8EE800EDF296 /* Images.xcassets in Resources */ = {isa = PBXBuildFile; fileRef = C073D8DD1ADD8EE800EDF296 /* Images.xcassets */; };
		C073D8E11ADD8EE800EDF296 /* LaunchScreen.xib in Resources */ = {isa = PBXBuildFile; fileRef = C073D8DF1ADD8EE800EDF296 /* LaunchScreen.xib */; };
		C073D8ED1ADD8EE900EDF296 /* BlurEffectTests.swift in Sources */ = {isa = PBXBuildFile; fileRef = C073D8EC1ADD8EE900EDF296 /* BlurEffectTests.swift */; };
/* End PBXBuildFile section */

/* Begin PBXContainerItemProxy section */
		C073D8E71ADD8EE800EDF296 /* PBXContainerItemProxy */ = {
			isa = PBXContainerItemProxy;
			containerPortal = C073D8C91ADD8EE800EDF296 /* Project object */;
			proxyType = 1;
			remoteGlobalIDString = C073D8D01ADD8EE800EDF296;
			remoteInfo = BlurEffect;
		};
/* End PBXContainerItemProxy section */

/* Begin PBXFileReference section */
		C073D8D11ADD8EE800EDF296 /* BlurEffect.app */ = {isa = PBXFileReference; explicitFileType = wrapper.application; includeInIndex = 0; path = BlurEffect.app; sourceTree = BUILT_PRODUCTS_DIR; };
		C073D8D51ADD8EE800EDF296 /* Info.plist */ = {isa = PBXFileReference; lastKnownFileType = text.plist.xml; path = Info.plist; sourceTree = "<group>"; };
		C073D8D61ADD8EE800EDF296 /* AppDelegate.swift */ = {isa = PBXFileReference; lastKnownFileType = sourcecode.swift; path = AppDelegate.swift; sourceTree = "<group>"; };
		C073D8D81ADD8EE800EDF296 /* ViewController.swift */ = {isa = PBXFileReference; lastKnownFileType = sourcecode.swift; path = ViewController.swift; sourceTree = "<group>"; };
		C073D8DB1ADD8EE800EDF296 /* Base */ = {isa = PBXFileReference; lastKnownFileType = file.storyboard; name = Base; path = Base.lproj/Main.storyboard; sourceTree = "<group>"; };
		C073D8DD1ADD8EE800EDF296 /* Images.xcassets */ = {isa = PBXFileReference; lastKnownFileType = folder.assetcatalog; path = Images.xcassets; sourceTree = "<group>"; };
		C073D8E01ADD8EE800EDF296 /* Base */ = {isa = PBXFileReference; lastKnownFileType = file.xib; name = Base; path = Base.lproj/LaunchScreen.xib; sourceTree = "<group>"; };
		C073D8E61ADD8EE800EDF296 /* BlurEffectTests.xctest */ = {isa = PBXFileReference; explicitFileType = wrapper.cfbundle; includeInIndex = 0; path = BlurEffectTests.xctest; sourceTree = BUILT_PRODUCTS_DIR; };
		C073D8EB1ADD8EE800EDF296 /* Info.plist */ = {isa = PBXFileReference; lastKnownFileType = text.plist.xml; path = Info.plist; sourceTree = "<group>"; };
		C073D8EC1ADD8EE900EDF296 /* BlurEffectTests.swift */ = {isa = PBXFileReference; lastKnownFileType = sourcecode.swift; path = BlurEffectTests.swift; sourceTree = "<group>"; };
/* End PBXFileReference section */

/* Begin PBXFrameworksBuildPhase section */
		C073D8CE1ADD8EE800EDF296 /* Frameworks */ = {
			isa = PBXFrameworksBuildPhase;
			buildActionMask = 2147483647;
			files = (
			);
			runOnlyForDeploymentPostprocessing = 0;
		};
		C073D8E31ADD8EE800EDF296 /* Frameworks */ = {
			isa = PBXFrameworksBuildPhase;
			buildActionMask = 2147483647;
			files = (
			);
			runOnlyForDeploymentPostprocessing = 0;
		};
/* End PBXFrameworksBuildPhase section */

/* Begin PBXGroup section */
		C073D8C81ADD8EE800EDF296 = {
			isa = PBXGroup;
			children = (
				C073D8D31ADD8EE800EDF296 /* BlurEffect */,
				C073D8E91ADD8EE800EDF296 /* BlurEffectTests */,
				C073D8D21ADD8EE800EDF296 /* Products */,
			);
			sourceTree = "<group>";
		};
		C073D8D21ADD8EE800EDF296 /* Products */ = {
			isa = PBXGroup;
			children = (
				C073D8D11ADD8EE800EDF296 /* BlurEffect.app */,
				C073D8E61ADD8EE800EDF296 /* BlurEffectTests.xctest */,
			);
			name = Products;
			sourceTree = "<group>";
		};
		C073D8D31ADD8EE800EDF296 /* BlurEffect */ = {
			isa = PBXGroup;
			children = (
				C073D8D61ADD8EE800EDF296 /* AppDelegate.swift */,
				C073D8D81ADD8EE800EDF296 /* ViewController.swift */,
				C073D8DA1ADD8EE800EDF296 /* Main.storyboard */,
				C073D8DD1ADD8EE800EDF296 /* Images.xcassets */,
				C073D8DF1ADD8EE800EDF296 /* LaunchScreen.xib */,
				C073D8D41ADD8EE800EDF296 /* Supporting Files */,
			);
			path = BlurEffect;
			sourceTree = "<group>";
		};
		C073D8D41ADD8EE800EDF296 /* Supporting Files */ = {
			isa = PBXGroup;
			children = (
				C073D8D51ADD8EE800EDF296 /* Info.plist */,
			);
			name = "Supporting Files";
			sourceTree = "<group>";
		};
		C073D8E91ADD8EE800EDF296 /* BlurEffectTests */ = {
			isa = PBXGroup;
			children = (
				C073D8EC1ADD8EE900EDF296 /* BlurEffectTests.swift */,
				C073D8EA1ADD8EE800EDF296 /* Supporting Files */,
			);
			path = BlurEffectTests;
			sourceTree = "<group>";
		};
		C073D8EA1ADD8EE800EDF296 /* Supporting Files */ = {
			isa = PBXGroup;
			children = (
				C073D8EB1ADD8EE800EDF296 /* Info.plist */,
			);
			name = "Supporting Files";
			sourceTree = "<group>";
		};
/* End PBXGroup section */

/* Begin PBXNativeTarget section */
		C073D8D01ADD8EE800EDF296 /* BlurEffect */ = {
			isa = PBXNativeTarget;
			buildConfigurationList = C073D8F01ADD8EE900EDF296 /* Build configuration list for PBXNativeTarget "BlurEffect" */;
			buildPhases = (
				C073D8CD1ADD8EE800EDF296 /* Sources */,
				C073D8CE1ADD8EE800EDF296 /* Frameworks */,
				C073D8CF1ADD8EE800EDF296 /* Resources */,
			);
			buildRules = (
			);
			dependencies = (
			);
			name = BlurEffect;
			productName = BlurEffect;
			productReference = C073D8D11ADD8EE800EDF296 /* BlurEffect.app */;
			productType = "com.apple.product-type.application";
		};
		C073D8E51ADD8EE800EDF296 /* BlurEffectTests */ = {
			isa = PBXNativeTarget;
			buildConfigurationList = C073D8F31ADD8EE900EDF296 /* Build configuration list for PBXNativeTarget "BlurEffectTests" */;
			buildPhases = (
				C073D8E21ADD8EE800EDF296 /* Sources */,
				C073D8E31ADD8EE800EDF296 /* Frameworks */,
				C073D8E41ADD8EE800EDF296 /* Resources */,
			);
			buildRules = (
			);
			dependencies = (
				C073D8E81ADD8EE800EDF296 /* PBXTargetDependency */,
			);
			name = BlurEffectTests;
			productName = BlurEffectTests;
			productReference = C073D8E61ADD8EE800EDF296 /* BlurEffectTests.xctest */;
			productType = "com.apple.product-type.bundle.unit-test";
		};
/* End PBXNativeTarget section */

/* Begin PBXProject section */
		C073D8C91ADD8EE800EDF296 /* Project object */ = {
			isa = PBXProject;
			attributes = {
				LastSwiftMigration = 0700;
				LastSwiftUpdateCheck = 0700;
				LastUpgradeCheck = 0800;
				ORGANIZATIONNAME = "Domenico Solazzo";
				TargetAttributes = {
					C073D8D01ADD8EE800EDF296 = {
						CreatedOnToolsVersion = 6.3;
						LastSwiftMigration = 0800;
					};
					C073D8E51ADD8EE800EDF296 = {
						CreatedOnToolsVersion = 6.3;
						LastSwiftMigration = 0800;
						TestTargetID = C073D8D01ADD8EE800EDF296;
					};
				};
			};
			buildConfigurationList = C073D8CC1ADD8EE800EDF296 /* Build configuration list for PBXProject "BlurEffect" */;
			compatibilityVersion = "Xcode 3.2";
			developmentRegion = English;
			hasScannedForEncodings = 0;
			knownRegions = (
				en,
				Base,
			);
			mainGroup = C073D8C81ADD8EE800EDF296;
			productRefGroup = C073D8D21ADD8EE800EDF296 /* Products */;
			projectDirPath = "";
			projectRoot = "";
			targets = (
				C073D8D01ADD8EE800EDF296 /* BlurEffect */,
				C073D8E51ADD8EE800EDF296 /* BlurEffectTests */,
			);
		};
/* End PBXProject section */

/* Begin PBXResourcesBuildPhase section */
		C073D8CF1ADD8EE800EDF296 /* Resources */ = {
			isa = PBXResourcesBuildPhase;
			buildActionMask = 2147483647;
			files = (
				C073D8DC1ADD8EE800EDF296 /* Main.storyboard in Resources */,
				C073D8E11ADD8EE800EDF296 /* LaunchScreen.xib in Resources */,
				C073D8DE1ADD8EE800EDF296 /* Images.xcassets in Resources */,
			);
			runOnlyForDeploymentPostprocessing = 0;
		};
		C073D8E41ADD8EE800EDF296 /* Resources */ = {
			isa = PBXResourcesBuildPhase;
			buildActionMask = 2147483647;
			files = (
			);
			runOnlyForDeploymentPostprocessing = 0;
		};
/* End PBXResourcesBuildPhase section */

/* Begin PBXSourcesBuildPhase section */
		C073D8CD1ADD8EE800EDF296 /* Sources */ = {
			isa = PBXSourcesBuildPhase;
			buildActionMask = 2147483647;
			files = (
				C073D8D91ADD8EE800EDF296 /* ViewController.swift in Sources */,
				C073D8D71ADD8EE800EDF296 /* AppDelegate.swift in Sources */,
			);
			runOnlyForDeploymentPostprocessing = 0;
		};
		C073D8E21ADD8EE800EDF296 /* Sources */ = {
			isa = PBXSourcesBuildPhase;
			buildActionMask = 2147483647;
			files = (
				C073D8ED1ADD8EE900EDF296 /* BlurEffectTests.swift in Sources */,
			);
			runOnlyForDeploymentPostprocessing = 0;
		};
/* End PBXSourcesBuildPhase section */

/* Begin PBXTargetDependency section */
		C073D8E81ADD8EE800EDF296 /* PBXTargetDependency */ = {
			isa = PBXTargetDependency;
			target = C073D8D01ADD8EE800EDF296 /* BlurEffect */;
			targetProxy = C073D8E71ADD8EE800EDF296 /* PBXContainerItemProxy */;
		};
/* End PBXTargetDependency section */

/* Begin PBXVariantGroup section */
		C073D8DA1ADD8EE800EDF296 /* Main.storyboard */ = {
			isa = PBXVariantGroup;
			children = (
				C073D8DB1ADD8EE800EDF296 /* Base */,
			);
			name = Main.storyboard;
			sourceTree = "<group>";
		};
		C073D8DF1ADD8EE800EDF296 /* LaunchScreen.xib */ = {
			isa = PBXVariantGroup;
			children = (
				C073D8E01ADD8EE800EDF296 /* Base */,
			);
			name = LaunchScreen.xib;
			sourceTree = "<group>";
		};
/* End PBXVariantGroup section */

/* Begin XCBuildConfiguration section */
		C073D8EE1ADD8EE900EDF296 /* Debug */ = {
			isa = XCBuildConfiguration;
			buildSettings = {
				ALWAYS_SEARCH_USER_PATHS = NO;
				CLANG_CXX_LANGUAGE_STANDARD = "gnu++0x";
				CLANG_CXX_LIBRARY = "libc++";
				CLANG_ENABLE_MODULES = YES;
				CLANG_ENABLE_OBJC_ARC = YES;
				CLANG_WARN_BOOL_CONVERSION = YES;
				CLANG_WARN_CONSTANT_CONVERSION = YES;
				CLANG_WARN_DIRECT_OBJC_ISA_USAGE = YES_ERROR;
				CLANG_WARN_EMPTY_BODY = YES;
				CLANG_WARN_ENUM_CONVERSION = YES;
				CLANG_WARN_INFINITE_RECURSION = YES;
				CLANG_WARN_INT_CONVERSION = YES;
				CLANG_WARN_OBJC_ROOT_CLASS = YES_ERROR;
				CLANG_WARN_SUSPICIOUS_MOVE = YES;
				CLANG_WARN_UNREACHABLE_CODE = YES;
				CLANG_WARN__DUPLICATE_METHOD_MATCH = YES;
				"CODE_SIGN_IDENTITY[sdk=iphoneos*]" = "iPhone Developer";
				COPY_PHASE_STRIP = NO;
				DEBUG_INFORMATION_FORMAT = "dwarf-with-dsym";
				ENABLE_STRICT_OBJC_MSGSEND = YES;
				ENABLE_TESTABILITY = YES;
				GCC_C_LANGUAGE_STANDARD = gnu99;
				GCC_DYNAMIC_NO_PIC = NO;
				GCC_NO_COMMON_BLOCKS = YES;
				GCC_OPTIMIZATION_LEVEL = 0;
				GCC_PREPROCESSOR_DEFINITIONS = (
					"DEBUG=1",
					"$(inherited)",
				);
				GCC_SYMBOLS_PRIVATE_EXTERN = NO;
				GCC_WARN_64_TO_32_BIT_CONVERSION = YES;
				GCC_WARN_ABOUT_RETURN_TYPE = YES_ERROR;
				GCC_WARN_UNDECLARED_SELECTOR = YES;
				GCC_WARN_UNINITIALIZED_AUTOS = YES_AGGRESSIVE;
				GCC_WARN_UNUSED_FUNCTION = YES;
				GCC_WARN_UNUSED_VARIABLE = YES;
				IPHONEOS_DEPLOYMENT_TARGET = 8.3;
				MTL_ENABLE_DEBUG_INFO = YES;
				ONLY_ACTIVE_ARCH = YES;
				SDKROOT = iphoneos;
				SWIFT_OPTIMIZATION_LEVEL = "-Onone";
				TARGETED_DEVICE_FAMILY = "1,2";
			};
			name = Debug;
		};
		C073D8EF1ADD8EE900EDF296 /* Release */ = {
			isa = XCBuildConfiguration;
			buildSettings = {
				ALWAYS_SEARCH_USER_PATHS = NO;
				CLANG_CXX_LANGUAGE_STANDARD = "gnu++0x";
				CLANG_CXX_LIBRARY = "libc++";
				CLANG_ENABLE_MODULES = YES;
				CLANG_ENABLE_OBJC_ARC = YES;
				CLANG_WARN_BOOL_CONVERSION = YES;
				CLANG_WARN_CONSTANT_CONVERSION = YES;
				CLANG_WARN_DIRECT_OBJC_ISA_USAGE = YES_ERROR;
				CLANG_WARN_EMPTY_BODY = YES;
				CLANG_WARN_ENUM_CONVERSION = YES;
				CLANG_WARN_INFINITE_RECURSION = YES;
				CLANG_WARN_INT_CONVERSION = YES;
				CLANG_WARN_OBJC_ROOT_CLASS = YES_ERROR;
				CLANG_WARN_SUSPICIOUS_MOVE = YES;
				CLANG_WARN_UNREACHABLE_CODE = YES;
				CLANG_WARN__DUPLICATE_METHOD_MATCH = YES;
				"CODE_SIGN_IDENTITY[sdk=iphoneos*]" = "iPhone Developer";
				COPY_PHASE_STRIP = NO;
				DEBUG_INFORMATION_FORMAT = "dwarf-with-dsym";
				ENABLE_NS_ASSERTIONS = NO;
				ENABLE_STRICT_OBJC_MSGSEND = YES;
				GCC_C_LANGUAGE_STANDARD = gnu99;
				GCC_NO_COMMON_BLOCKS = YES;
				GCC_WARN_64_TO_32_BIT_CONVERSION = YES;
				GCC_WARN_ABOUT_RETURN_TYPE = YES_ERROR;
				GCC_WARN_UNDECLARED_SELECTOR = YES;
				GCC_WARN_UNINITIALIZED_AUTOS = YES_AGGRESSIVE;
				GCC_WARN_UNUSED_FUNCTION = YES;
				GCC_WARN_UNUSED_VARIABLE = YES;
				IPHONEOS_DEPLOYMENT_TARGET = 8.3;
				MTL_ENABLE_DEBUG_INFO = NO;
				SDKROOT = iphoneos;
				SWIFT_OPTIMIZATION_LEVEL = "-Owholemodule";
				TARGETED_DEVICE_FAMILY = "1,2";
				VALIDATE_PRODUCT = YES;
			};
			name = Release;
		};
		C073D8F11ADD8EE900EDF296 /* Debug */ = {
			isa = XCBuildConfiguration;
			buildSettings = {
				ASSETCATALOG_COMPILER_APPICON_NAME = AppIcon;
				INFOPLIST_FILE = BlurEffect/Info.plist;
				LD_RUNPATH_SEARCH_PATHS = "$(inherited) @executable_path/Frameworks";
				PRODUCT_BUNDLE_IDENTIFIER = "com.domenicosolazzo.swift.$(PRODUCT_NAME:rfc1034identifier)";
				PRODUCT_NAME = "$(TARGET_NAME)";
				SWIFT_VERSION = 3.0;
			};
			name = Debug;
		};
		C073D8F21ADD8EE900EDF296 /* Release */ = {
			isa = XCBuildConfiguration;
			buildSettings = {
				ASSETCATALOG_COMPILER_APPICON_NAME = AppIcon;
				INFOPLIST_FILE = BlurEffect/Info.plist;
				LD_RUNPATH_SEARCH_PATHS = "$(inherited) @executable_path/Frameworks";
				PRODUCT_BUNDLE_IDENTIFIER = "com.domenicosolazzo.swift.$(PRODUCT_NAME:rfc1034identifier)";
				PRODUCT_NAME = "$(TARGET_NAME)";
				SWIFT_VERSION = 3.0;
			};
			name = Release;
		};
		C073D8F41ADD8EE900EDF296 /* Debug */ = {
			isa = XCBuildConfiguration;
			buildSettings = {
				BUNDLE_LOADER = "$(TEST_HOST)";
				FRAMEWORK_SEARCH_PATHS = (
					"$(SDKROOT)/Developer/Library/Frameworks",
					"$(inherited)",
				);
				GCC_PREPROCESSOR_DEFINITIONS = (
					"DEBUG=1",
					"$(inherited)",
				);
				INFOPLIST_FILE = BlurEffectTests/Info.plist;
				LD_RUNPATH_SEARCH_PATHS = "$(inherited) @executable_path/Frameworks @loader_path/Frameworks";
				PRODUCT_BUNDLE_IDENTIFIER = "com.domenicosolazzo.swift.$(PRODUCT_NAME:rfc1034identifier)";
				PRODUCT_NAME = "$(TARGET_NAME)";
				SWIFT_VERSION = 3.0;
				TEST_HOST = "$(BUILT_PRODUCTS_DIR)/BlurEffect.app/BlurEffect";
			};
			name = Debug;
		};
		C073D8F51ADD8EE900EDF296 /* Release */ = {
			isa = XCBuildConfiguration;
			buildSettings = {
				BUNDLE_LOADER = "$(TEST_HOST)";
				FRAMEWORK_SEARCH_PATHS = (
					"$(SDKROOT)/Developer/Library/Frameworks",
					"$(inherited)",
				);
				INFOPLIST_FILE = BlurEffectTests/Info.plist;
				LD_RUNPATH_SEARCH_PATHS = "$(inherited) @executable_path/Frameworks @loader_path/Frameworks";
				PRODUCT_BUNDLE_IDENTIFIER = "com.domenicosolazzo.swift.$(PRODUCT_NAME:rfc1034identifier)";
				PRODUCT_NAME = "$(TARGET_NAME)";
				SWIFT_VERSION = 3.0;
				TEST_HOST = "$(BUILT_PRODUCTS_DIR)/BlurEffect.app/BlurEffect";
			};
			name = Release;
		};
/* End XCBuildConfiguration section */

/* Begin XCConfigurationList section */
		C073D8CC1ADD8EE800EDF296 /* Build configuration list for PBXProject "BlurEffect" */ = {
			isa = XCConfigurationList;
			buildConfigurations = (
				C073D8EE1ADD8EE900EDF296 /* Debug */,
				C073D8EF1ADD8EE900EDF296 /* Release */,
			);
			defaultConfigurationIsVisible = 0;
			defaultConfigurationName = Release;
		};
		C073D8F01ADD8EE900EDF296 /* Build configuration list for PBXNativeTarget "BlurEffect" */ = {
			isa = XCConfigurationList;
			buildConfigurations = (
				C073D8F11ADD8EE900EDF296 /* Debug */,
				C073D8F21ADD8EE900EDF296 /* Release */,
			);
			defaultConfigurationIsVisible = 0;
			defaultConfigurationName = Release;
		};
		C073D8F31ADD8EE900EDF296 /* Build configuration list for PBXNativeTarget "BlurEffectTests" */ = {
			isa = XCConfigurationList;
			buildConfigurations = (
				C073D8F41ADD8EE900EDF296 /* Debug */,
				C073D8F51ADD8EE900EDF296 /* Release */,
			);
			defaultConfigurationIsVisible = 0;
			defaultConfigurationName = Release;
		};
/* End XCConfigurationList section */
	};
	rootObject = C073D8C91ADD8EE800EDF296 /* Project object */;
}
