// !$*UTF8*$!
{
	archiveVersion = 1;
	classes = {
	};
	objectVersion = 46;
	objects = {

/* Begin PBXBuildFile section */
		C0CB71961B00F8D200D4268A /* AppDelegate.swift in Sources */ = {isa = PBXBuildFile; fileRef = C0CB71951B00F8D200D4268A /* AppDelegate.swift */; };
		C0CB71981B00F8D200D4268A /* ViewController.swift in Sources */ = {isa = PBXBuildFile; fileRef = C0CB71971B00F8D200D4268A /* ViewController.swift */; };
		C0CB719B1B00F8D200D4268A /* Main.storyboard in Resources */ = {isa = PBXBuildFile; fileRef = C0CB71991B00F8D200D4268A /* Main.storyboard */; };
		C0CB719D1B00F8D200D4268A /* Images.xcassets in Resources */ = {isa = PBXBuildFile; fileRef = C0CB719C1B00F8D200D4268A /* Images.xcassets */; };
		C0CB71A01B00F8D200D4268A /* LaunchScreen.xib in Resources */ = {isa = PBXBuildFile; fileRef = C0CB719E1B00F8D200D4268A /* LaunchScreen.xib */; };
		C0CB71AC1B00F8D200D4268A /* Handling_events_in_CollectionViewsTests.swift in Sources */ = {isa = PBXBuildFile; fileRef = C0CB71AB1B00F8D200D4268A /* Handling_events_in_CollectionViewsTests.swift */; };
		C0CB71B61B00F9B100D4268A /* MyCollectionViewCell.swift in Sources */ = {isa = PBXBuildFile; fileRef = C0CB71B51B00F9B100D4268A /* MyCollectionViewCell.swift */; };
/* End PBXBuildFile section */

/* Begin PBXContainerItemProxy section */
		C0CB71A61B00F8D200D4268A /* PBXContainerItemProxy */ = {
			isa = PBXContainerItemProxy;
			containerPortal = C0CB71881B00F8D200D4268A /* Project object */;
			proxyType = 1;
			remoteGlobalIDString = C0CB718F1B00F8D200D4268A;
			remoteInfo = "Handling events in CollectionViews";
		};
/* End PBXContainerItemProxy section */

/* Begin PBXFileReference section */
		C0CB71901B00F8D200D4268A /* Handling events in CollectionViews.app */ = {isa = PBXFileReference; explicitFileType = wrapper.application; includeInIndex = 0; path = "Handling events in CollectionViews.app"; sourceTree = BUILT_PRODUCTS_DIR; };
		C0CB71941B00F8D200D4268A /* Info.plist */ = {isa = PBXFileReference; lastKnownFileType = text.plist.xml; path = Info.plist; sourceTree = "<group>"; };
		C0CB71951B00F8D200D4268A /* AppDelegate.swift */ = {isa = PBXFileReference; lastKnownFileType = sourcecode.swift; path = AppDelegate.swift; sourceTree = "<group>"; };
		C0CB71971B00F8D200D4268A /* ViewController.swift */ = {isa = PBXFileReference; lastKnownFileType = sourcecode.swift; path = ViewController.swift; sourceTree = "<group>"; };
		C0CB719A1B00F8D200D4268A /* Base */ = {isa = PBXFileReference; lastKnownFileType = file.storyboard; name = Base; path = Base.lproj/Main.storyboard; sourceTree = "<group>"; };
		C0CB719C1B00F8D200D4268A /* Images.xcassets */ = {isa = PBXFileReference; lastKnownFileType = folder.assetcatalog; path = Images.xcassets; sourceTree = "<group>"; };
		C0CB719F1B00F8D200D4268A /* Base */ = {isa = PBXFileReference; lastKnownFileType = file.xib; name = Base; path = Base.lproj/LaunchScreen.xib; sourceTree = "<group>"; };
		C0CB71A51B00F8D200D4268A /* Handling events in CollectionViewsTests.xctest */ = {isa = PBXFileReference; explicitFileType = wrapper.cfbundle; includeInIndex = 0; path = "Handling events in CollectionViewsTests.xctest"; sourceTree = BUILT_PRODUCTS_DIR; };
		C0CB71AA1B00F8D200D4268A /* Info.plist */ = {isa = PBXFileReference; lastKnownFileType = text.plist.xml; path = Info.plist; sourceTree = "<group>"; };
		C0CB71AB1B00F8D200D4268A /* Handling_events_in_CollectionViewsTests.swift */ = {isa = PBXFileReference; lastKnownFileType = sourcecode.swift; path = Handling_events_in_CollectionViewsTests.swift; sourceTree = "<group>"; };
		C0CB71B51B00F9B100D4268A /* MyCollectionViewCell.swift */ = {isa = PBXFileReference; fileEncoding = 4; lastKnownFileType = sourcecode.swift; path = MyCollectionViewCell.swift; sourceTree = "<group>"; };
/* End PBXFileReference section */

/* Begin PBXFrameworksBuildPhase section */
		C0CB718D1B00F8D200D4268A /* Frameworks */ = {
			isa = PBXFrameworksBuildPhase;
			buildActionMask = 2147483647;
			files = (
			);
			runOnlyForDeploymentPostprocessing = 0;
		};
		C0CB71A21B00F8D200D4268A /* Frameworks */ = {
			isa = PBXFrameworksBuildPhase;
			buildActionMask = 2147483647;
			files = (
			);
			runOnlyForDeploymentPostprocessing = 0;
		};
/* End PBXFrameworksBuildPhase section */

/* Begin PBXGroup section */
		C0CB71871B00F8D200D4268A = {
			isa = PBXGroup;
			children = (
				C0CB71921B00F8D200D4268A /* Handling events in CollectionViews */,
				C0CB71A81B00F8D200D4268A /* Handling events in CollectionViewsTests */,
				C0CB71911B00F8D200D4268A /* Products */,
			);
			sourceTree = "<group>";
		};
		C0CB71911B00F8D200D4268A /* Products */ = {
			isa = PBXGroup;
			children = (
				C0CB71901B00F8D200D4268A /* Handling events in CollectionViews.app */,
				C0CB71A51B00F8D200D4268A /* Handling events in CollectionViewsTests.xctest */,
			);
			name = Products;
			sourceTree = "<group>";
		};
		C0CB71921B00F8D200D4268A /* Handling events in CollectionViews */ = {
			isa = PBXGroup;
			children = (
				C0CB71951B00F8D200D4268A /* AppDelegate.swift */,
				C0CB71971B00F8D200D4268A /* ViewController.swift */,
				C0CB71991B00F8D200D4268A /* Main.storyboard */,
				C0CB719C1B00F8D200D4268A /* Images.xcassets */,
				C0CB719E1B00F8D200D4268A /* LaunchScreen.xib */,
				C0CB71931B00F8D200D4268A /* Supporting Files */,
				C0CB71B51B00F9B100D4268A /* MyCollectionViewCell.swift */,
			);
			path = "Handling events in CollectionViews";
			sourceTree = "<group>";
		};
		C0CB71931B00F8D200D4268A /* Supporting Files */ = {
			isa = PBXGroup;
			children = (
				C0CB71941B00F8D200D4268A /* Info.plist */,
			);
			name = "Supporting Files";
			sourceTree = "<group>";
		};
		C0CB71A81B00F8D200D4268A /* Handling events in CollectionViewsTests */ = {
			isa = PBXGroup;
			children = (
				C0CB71AB1B00F8D200D4268A /* Handling_events_in_CollectionViewsTests.swift */,
				C0CB71A91B00F8D200D4268A /* Supporting Files */,
			);
			path = "Handling events in CollectionViewsTests";
			sourceTree = "<group>";
		};
		C0CB71A91B00F8D200D4268A /* Supporting Files */ = {
			isa = PBXGroup;
			children = (
				C0CB71AA1B00F8D200D4268A /* Info.plist */,
			);
			name = "Supporting Files";
			sourceTree = "<group>";
		};
/* End PBXGroup section */

/* Begin PBXNativeTarget section */
		C0CB718F1B00F8D200D4268A /* Handling events in CollectionViews */ = {
			isa = PBXNativeTarget;
			buildConfigurationList = C0CB71AF1B00F8D200D4268A /* Build configuration list for PBXNativeTarget "Handling events in CollectionViews" */;
			buildPhases = (
				C0CB718C1B00F8D200D4268A /* Sources */,
				C0CB718D1B00F8D200D4268A /* Frameworks */,
				C0CB718E1B00F8D200D4268A /* Resources */,
			);
			buildRules = (
			);
			dependencies = (
			);
			name = "Handling events in CollectionViews";
			productName = "Handling events in CollectionViews";
			productReference = C0CB71901B00F8D200D4268A /* Handling events in CollectionViews.app */;
			productType = "com.apple.product-type.application";
		};
		C0CB71A41B00F8D200D4268A /* Handling events in CollectionViewsTests */ = {
			isa = PBXNativeTarget;
			buildConfigurationList = C0CB71B21B00F8D200D4268A /* Build configuration list for PBXNativeTarget "Handling events in CollectionViewsTests" */;
			buildPhases = (
				C0CB71A11B00F8D200D4268A /* Sources */,
				C0CB71A21B00F8D200D4268A /* Frameworks */,
				C0CB71A31B00F8D200D4268A /* Resources */,
			);
			buildRules = (
			);
			dependencies = (
				C0CB71A71B00F8D200D4268A /* PBXTargetDependency */,
			);
			name = "Handling events in CollectionViewsTests";
			productName = "Handling events in CollectionViewsTests";
			productReference = C0CB71A51B00F8D200D4268A /* Handling events in CollectionViewsTests.xctest */;
			productType = "com.apple.product-type.bundle.unit-test";
		};
/* End PBXNativeTarget section */

/* Begin PBXProject section */
		C0CB71881B00F8D200D4268A /* Project object */ = {
			isa = PBXProject;
			attributes = {
				LastUpgradeCheck = 0630;
				ORGANIZATIONNAME = Domenico;
				TargetAttributes = {
					C0CB718F1B00F8D200D4268A = {
						CreatedOnToolsVersion = 6.3.1;
					};
					C0CB71A41B00F8D200D4268A = {
						CreatedOnToolsVersion = 6.3.1;
						TestTargetID = C0CB718F1B00F8D200D4268A;
					};
				};
			};
			buildConfigurationList = C0CB718B1B00F8D200D4268A /* Build configuration list for PBXProject "Handling events in CollectionViews" */;
			compatibilityVersion = "Xcode 3.2";
			developmentRegion = English;
			hasScannedForEncodings = 0;
			knownRegions = (
				en,
				Base,
			);
			mainGroup = C0CB71871B00F8D200D4268A;
			productRefGroup = C0CB71911B00F8D200D4268A /* Products */;
			projectDirPath = "";
			projectRoot = "";
			targets = (
				C0CB718F1B00F8D200D4268A /* Handling events in CollectionViews */,
				C0CB71A41B00F8D200D4268A /* Handling events in CollectionViewsTests */,
			);
		};
/* End PBXProject section */

/* Begin PBXResourcesBuildPhase section */
		C0CB718E1B00F8D200D4268A /* Resources */ = {
			isa = PBXResourcesBuildPhase;
			buildActionMask = 2147483647;
			files = (
				C0CB719B1B00F8D200D4268A /* Main.storyboard in Resources */,
				C0CB71A01B00F8D200D4268A /* LaunchScreen.xib in Resources */,
				C0CB719D1B00F8D200D4268A /* Images.xcassets in Resources */,
			);
			runOnlyForDeploymentPostprocessing = 0;
		};
		C0CB71A31B00F8D200D4268A /* Resources */ = {
			isa = PBXResourcesBuildPhase;
			buildActionMask = 2147483647;
			files = (
			);
			runOnlyForDeploymentPostprocessing = 0;
		};
/* End PBXResourcesBuildPhase section */

/* Begin PBXSourcesBuildPhase section */
		C0CB718C1B00F8D200D4268A /* Sources */ = {
			isa = PBXSourcesBuildPhase;
			buildActionMask = 2147483647;
			files = (
				C0CB71981B00F8D200D4268A /* ViewController.swift in Sources */,
				C0CB71961B00F8D200D4268A /* AppDelegate.swift in Sources */,
				C0CB71B61B00F9B100D4268A /* MyCollectionViewCell.swift in Sources */,
			);
			runOnlyForDeploymentPostprocessing = 0;
		};
		C0CB71A11B00F8D200D4268A /* Sources */ = {
			isa = PBXSourcesBuildPhase;
			buildActionMask = 2147483647;
			files = (
				C0CB71AC1B00F8D200D4268A /* Handling_events_in_CollectionViewsTests.swift in Sources */,
			);
			runOnlyForDeploymentPostprocessing = 0;
		};
/* End PBXSourcesBuildPhase section */

/* Begin PBXTargetDependency section */
		C0CB71A71B00F8D200D4268A /* PBXTargetDependency */ = {
			isa = PBXTargetDependency;
			target = C0CB718F1B00F8D200D4268A /* Handling events in CollectionViews */;
			targetProxy = C0CB71A61B00F8D200D4268A /* PBXContainerItemProxy */;
		};
/* End PBXTargetDependency section */

/* Begin PBXVariantGroup section */
		C0CB71991B00F8D200D4268A /* Main.storyboard */ = {
			isa = PBXVariantGroup;
			children = (
				C0CB719A1B00F8D200D4268A /* Base */,
			);
			name = Main.storyboard;
			sourceTree = "<group>";
		};
		C0CB719E1B00F8D200D4268A /* LaunchScreen.xib */ = {
			isa = PBXVariantGroup;
			children = (
				C0CB719F1B00F8D200D4268A /* Base */,
			);
			name = LaunchScreen.xib;
			sourceTree = "<group>";
		};
/* End PBXVariantGroup section */

/* Begin XCBuildConfiguration section */
		C0CB71AD1B00F8D200D4268A /* Debug */ = {
			isa = XCBuildConfiguration;
			buildSettings = {
				ALWAYS_SEARCH_USER_PATHS = NO;
				CLANG_CXX_LANGUAGE_STANDARD = "gnu++0x";
				CLANG_CXX_LIBRARY = "libc++";
				CLANG_ENABLE_MODULES = YES;
				CLANG_ENABLE_OBJC_ARC = YES;
				CLANG_WARN_BOOL_CONVERSION = YES;
				CLANG_WARN_CONSTANT_CONVERSION = YES;
				CLANG_WARN_DIRECT_OBJC_ISA_USAGE = YES_ERROR;
				CLANG_WARN_EMPTY_BODY = YES;
				CLANG_WARN_ENUM_CONVERSION = YES;
				CLANG_WARN_INT_CONVERSION = YES;
				CLANG_WARN_OBJC_ROOT_CLASS = YES_ERROR;
				CLANG_WARN_UNREACHABLE_CODE = YES;
				CLANG_WARN__DUPLICATE_METHOD_MATCH = YES;
				"CODE_SIGN_IDENTITY[sdk=iphoneos*]" = "iPhone Developer";
				COPY_PHASE_STRIP = NO;
				DEBUG_INFORMATION_FORMAT = "dwarf-with-dsym";
				ENABLE_STRICT_OBJC_MSGSEND = YES;
				GCC_C_LANGUAGE_STANDARD = gnu99;
				GCC_DYNAMIC_NO_PIC = NO;
				GCC_NO_COMMON_BLOCKS = YES;
				GCC_OPTIMIZATION_LEVEL = 0;
				GCC_PREPROCESSOR_DEFINITIONS = (
					"DEBUG=1",
					"$(inherited)",
				);
				GCC_SYMBOLS_PRIVATE_EXTERN = NO;
				GCC_WARN_64_TO_32_BIT_CONVERSION = YES;
				GCC_WARN_ABOUT_RETURN_TYPE = YES_ERROR;
				GCC_WARN_UNDECLARED_SELECTOR = YES;
				GCC_WARN_UNINITIALIZED_AUTOS = YES_AGGRESSIVE;
				GCC_WARN_UNUSED_FUNCTION = YES;
				GCC_WARN_UNUSED_VARIABLE = YES;
				IPHONEOS_DEPLOYMENT_TARGET = 8.3;
				MTL_ENABLE_DEBUG_INFO = YES;
				ONLY_ACTIVE_ARCH = YES;
				SDKROOT = iphoneos;
				SWIFT_OPTIMIZATION_LEVEL = "-Onone";
				TARGETED_DEVICE_FAMILY = "1,2";
			};
			name = Debug;
		};
		C0CB71AE1B00F8D200D4268A /* Release */ = {
			isa = XCBuildConfiguration;
			buildSettings = {
				ALWAYS_SEARCH_USER_PATHS = NO;
				CLANG_CXX_LANGUAGE_STANDARD = "gnu++0x";
				CLANG_CXX_LIBRARY = "libc++";
				CLANG_ENABLE_MODULES = YES;
				CLANG_ENABLE_OBJC_ARC = YES;
				CLANG_WARN_BOOL_CONVERSION = YES;
				CLANG_WARN_CONSTANT_CONVERSION = YES;
				CLANG_WARN_DIRECT_OBJC_ISA_USAGE = YES_ERROR;
				CLANG_WARN_EMPTY_BODY = YES;
				CLANG_WARN_ENUM_CONVERSION = YES;
				CLANG_WARN_INT_CONVERSION = YES;
				CLANG_WARN_OBJC_ROOT_CLASS = YES_ERROR;
				CLANG_WARN_UNREACHABLE_CODE = YES;
				CLANG_WARN__DUPLICATE_METHOD_MATCH = YES;
				"CODE_SIGN_IDENTITY[sdk=iphoneos*]" = "iPhone Developer";
				COPY_PHASE_STRIP = NO;
				DEBUG_INFORMATION_FORMAT = "dwarf-with-dsym";
				ENABLE_NS_ASSERTIONS = NO;
				ENABLE_STRICT_OBJC_MSGSEND = YES;
				GCC_C_LANGUAGE_STANDARD = gnu99;
				GCC_NO_COMMON_BLOCKS = YES;
				GCC_WARN_64_TO_32_BIT_CONVERSION = YES;
				GCC_WARN_ABOUT_RETURN_TYPE = YES_ERROR;
				GCC_WARN_UNDECLARED_SELECTOR = YES;
				GCC_WARN_UNINITIALIZED_AUTOS = YES_AGGRESSIVE;
				GCC_WARN_UNUSED_FUNCTION = YES;
				GCC_WARN_UNUSED_VARIABLE = YES;
				IPHONEOS_DEPLOYMENT_TARGET = 8.3;
				MTL_ENABLE_DEBUG_INFO = NO;
				SDKROOT = iphoneos;
				TARGETED_DEVICE_FAMILY = "1,2";
				VALIDATE_PRODUCT = YES;
			};
			name = Release;
		};
		C0CB71B01B00F8D200D4268A /* Debug */ = {
			isa = XCBuildConfiguration;
			buildSettings = {
				ASSETCATALOG_COMPILER_APPICON_NAME = AppIcon;
				INFOPLIST_FILE = "Handling events in CollectionViews/Info.plist";
				LD_RUNPATH_SEARCH_PATHS = "$(inherited) @executable_path/Frameworks";
				PRODUCT_NAME = "$(TARGET_NAME)";
			};
			name = Debug;
		};
		C0CB71B11B00F8D200D4268A /* Release */ = {
			isa = XCBuildConfiguration;
			buildSettings = {
				ASSETCATALOG_COMPILER_APPICON_NAME = AppIcon;
				INFOPLIST_FILE = "Handling events in CollectionViews/Info.plist";
				LD_RUNPATH_SEARCH_PATHS = "$(inherited) @executable_path/Frameworks";
				PRODUCT_NAME = "$(TARGET_NAME)";
			};
			name = Release;
		};
		C0CB71B31B00F8D200D4268A /* Debug */ = {
			isa = XCBuildConfiguration;
			buildSettings = {
				BUNDLE_LOADER = "$(TEST_HOST)";
				FRAMEWORK_SEARCH_PATHS = (
					"$(SDKROOT)/Developer/Library/Frameworks",
					"$(inherited)",
				);
				GCC_PREPROCESSOR_DEFINITIONS = (
					"DEBUG=1",
					"$(inherited)",
				);
				INFOPLIST_FILE = "Handling events in CollectionViewsTests/Info.plist";
				LD_RUNPATH_SEARCH_PATHS = "$(inherited) @executable_path/Frameworks @loader_path/Frameworks";
				PRODUCT_NAME = "$(TARGET_NAME)";
				TEST_HOST = "$(BUILT_PRODUCTS_DIR)/Handling events in CollectionViews.app/Handling events in CollectionViews";
			};
			name = Debug;
		};
		C0CB71B41B00F8D200D4268A /* Release */ = {
			isa = XCBuildConfiguration;
			buildSettings = {
				BUNDLE_LOADER = "$(TEST_HOST)";
				FRAMEWORK_SEARCH_PATHS = (
					"$(SDKROOT)/Developer/Library/Frameworks",
					"$(inherited)",
				);
				INFOPLIST_FILE = "Handling events in CollectionViewsTests/Info.plist";
				LD_RUNPATH_SEARCH_PATHS = "$(inherited) @executable_path/Frameworks @loader_path/Frameworks";
				PRODUCT_NAME = "$(TARGET_NAME)";
				TEST_HOST = "$(BUILT_PRODUCTS_DIR)/Handling events in CollectionViews.app/Handling events in CollectionViews";
			};
			name = Release;
		};
/* End XCBuildConfiguration section */

/* Begin XCConfigurationList section */
		C0CB718B1B00F8D200D4268A /* Build configuration list for PBXProject "Handling events in CollectionViews" */ = {
			isa = XCConfigurationList;
			buildConfigurations = (
				C0CB71AD1B00F8D200D4268A /* Debug */,
				C0CB71AE1B00F8D200D4268A /* Release */,
			);
			defaultConfigurationIsVisible = 0;
			defaultConfigurationName = Release;
		};
		C0CB71AF1B00F8D200D4268A /* Build configuration list for PBXNativeTarget "Handling events in CollectionViews" */ = {
			isa = XCConfigurationList;
			buildConfigurations = (
				C0CB71B01B00F8D200D4268A /* Debug */,
				C0CB71B11B00F8D200D4268A /* Release */,
			);
			defaultConfigurationIsVisible = 0;
		};
		C0CB71B21B00F8D200D4268A /* Build configuration list for PBXNativeTarget "Handling events in CollectionViewsTests" */ = {
			isa = XCConfigurationList;
			buildConfigurations = (
				C0CB71B31B00F8D200D4268A /* Debug */,
				C0CB71B41B00F8D200D4268A /* Release */,
			);
			defaultConfigurationIsVisible = 0;
		};
/* End XCConfigurationList section */
	};
	rootObject = C0CB71881B00F8D200D4268A /* Project object */;
}
