// !$*UTF8*$!
{
	archiveVersion = 1;
	classes = {
	};
	objectVersion = 46;
	objects = {

/* Begin PBXBuildFile section */
		C0CB71C81B01046400D4268A /* AppDelegate.swift in Sources */ = {isa = PBXBuildFile; fileRef = C0CB71C71B01046400D4268A /* AppDelegate.swift */; };
		C0CB71CA1B01046400D4268A /* ViewController.swift in Sources */ = {isa = PBXBuildFile; fileRef = C0CB71C91B01046400D4268A /* ViewController.swift */; };
		C0CB71CD1B01046400D4268A /* Main.storyboard in Resources */ = {isa = PBXBuildFile; fileRef = C0CB71CB1B01046400D4268A /* Main.storyboard */; };
		C0CB71CF1B01046400D4268A /* Images.xcassets in Resources */ = {isa = PBXBuildFile; fileRef = C0CB71CE1B01046400D4268A /* Images.xcassets */; };
		C0CB71D21B01046400D4268A /* LaunchScreen.xib in Resources */ = {isa = PBXBuildFile; fileRef = C0CB71D01B01046400D4268A /* LaunchScreen.xib */; };
		C0CB71DE1B01046400D4268A /* Providing_Header_and_Footer_in_a_CollectionViewTests.swift in Sources */ = {isa = PBXBuildFile; fileRef = C0CB71DD1B01046400D4268A /* Providing_Header_and_Footer_in_a_CollectionViewTests.swift */; };
		C0CB71E81B0104B300D4268A /* Header.xib in Resources */ = {isa = PBXBuildFile; fileRef = C0CB71E71B0104B300D4268A /* Header.xib */; };
		C0CB71EA1B0104BC00D4268A /* Footer.xib in Resources */ = {isa = PBXBuildFile; fileRef = C0CB71E91B0104BC00D4268A /* Footer.xib */; };
/* End PBXBuildFile section */

/* Begin PBXContainerItemProxy section */
		C0CB71D81B01046400D4268A /* PBXContainerItemProxy */ = {
			isa = PBXContainerItemProxy;
			containerPortal = C0CB71BA1B01046400D4268A /* Project object */;
			proxyType = 1;
			remoteGlobalIDString = C0CB71C11B01046400D4268A;
			remoteInfo = "Providing Header and Footer in a CollectionView";
		};
/* End PBXContainerItemProxy section */

/* Begin PBXFileReference section */
		C0CB71C21B01046400D4268A /* Providing Header and Footer in a CollectionView.app */ = {isa = PBXFileReference; explicitFileType = wrapper.application; includeInIndex = 0; path = "Providing Header and Footer in a CollectionView.app"; sourceTree = BUILT_PRODUCTS_DIR; };
		C0CB71C61B01046400D4268A /* Info.plist */ = {isa = PBXFileReference; lastKnownFileType = text.plist.xml; path = Info.plist; sourceTree = "<group>"; };
		C0CB71C71B01046400D4268A /* AppDelegate.swift */ = {isa = PBXFileReference; lastKnownFileType = sourcecode.swift; path = AppDelegate.swift; sourceTree = "<group>"; };
		C0CB71C91B01046400D4268A /* ViewController.swift */ = {isa = PBXFileReference; lastKnownFileType = sourcecode.swift; path = ViewController.swift; sourceTree = "<group>"; };
		C0CB71CC1B01046400D4268A /* Base */ = {isa = PBXFileReference; lastKnownFileType = file.storyboard; name = Base; path = Base.lproj/Main.storyboard; sourceTree = "<group>"; };
		C0CB71CE1B01046400D4268A /* Images.xcassets */ = {isa = PBXFileReference; lastKnownFileType = folder.assetcatalog; path = Images.xcassets; sourceTree = "<group>"; };
		C0CB71D11B01046400D4268A /* Base */ = {isa = PBXFileReference; lastKnownFileType = file.xib; name = Base; path = Base.lproj/LaunchScreen.xib; sourceTree = "<group>"; };
		C0CB71D71B01046400D4268A /* Providing Header and Footer in a CollectionViewTests.xctest */ = {isa = PBXFileReference; explicitFileType = wrapper.cfbundle; includeInIndex = 0; path = "Providing Header and Footer in a CollectionViewTests.xctest"; sourceTree = BUILT_PRODUCTS_DIR; };
		C0CB71DC1B01046400D4268A /* Info.plist */ = {isa = PBXFileReference; lastKnownFileType = text.plist.xml; path = Info.plist; sourceTree = "<group>"; };
		C0CB71DD1B01046400D4268A /* Providing_Header_and_Footer_in_a_CollectionViewTests.swift */ = {isa = PBXFileReference; lastKnownFileType = sourcecode.swift; path = Providing_Header_and_Footer_in_a_CollectionViewTests.swift; sourceTree = "<group>"; };
		C0CB71E71B0104B300D4268A /* Header.xib */ = {isa = PBXFileReference; fileEncoding = 4; lastKnownFileType = file.xib; path = Header.xib; sourceTree = "<group>"; };
		C0CB71E91B0104BC00D4268A /* Footer.xib */ = {isa = PBXFileReference; fileEncoding = 4; lastKnownFileType = file.xib; path = Footer.xib; sourceTree = "<group>"; };
/* End PBXFileReference section */

/* Begin PBXFrameworksBuildPhase section */
		C0CB71BF1B01046400D4268A /* Frameworks */ = {
			isa = PBXFrameworksBuildPhase;
			buildActionMask = 2147483647;
			files = (
			);
			runOnlyForDeploymentPostprocessing = 0;
		};
		C0CB71D41B01046400D4268A /* Frameworks */ = {
			isa = PBXFrameworksBuildPhase;
			buildActionMask = 2147483647;
			files = (
			);
			runOnlyForDeploymentPostprocessing = 0;
		};
/* End PBXFrameworksBuildPhase section */

/* Begin PBXGroup section */
		C0CB71B91B01046400D4268A = {
			isa = PBXGroup;
			children = (
				C0CB71C41B01046400D4268A /* Providing Header and Footer in a CollectionView */,
				C0CB71DA1B01046400D4268A /* Providing Header and Footer in a CollectionViewTests */,
				C0CB71C31B01046400D4268A /* Products */,
			);
			sourceTree = "<group>";
		};
		C0CB71C31B01046400D4268A /* Products */ = {
			isa = PBXGroup;
			children = (
				C0CB71C21B01046400D4268A /* Providing Header and Footer in a CollectionView.app */,
				C0CB71D71B01046400D4268A /* Providing Header and Footer in a CollectionViewTests.xctest */,
			);
			name = Products;
			sourceTree = "<group>";
		};
		C0CB71C41B01046400D4268A /* Providing Header and Footer in a CollectionView */ = {
			isa = PBXGroup;
			children = (
				C0CB71C71B01046400D4268A /* AppDelegate.swift */,
				C0CB71C91B01046400D4268A /* ViewController.swift */,
				C0CB71CB1B01046400D4268A /* Main.storyboard */,
				C0CB71CE1B01046400D4268A /* Images.xcassets */,
				C0CB71D01B01046400D4268A /* LaunchScreen.xib */,
				C0CB71C51B01046400D4268A /* Supporting Files */,
				C0CB71E71B0104B300D4268A /* Header.xib */,
				C0CB71E91B0104BC00D4268A /* Footer.xib */,
			);
			path = "Providing Header and Footer in a CollectionView";
			sourceTree = "<group>";
		};
		C0CB71C51B01046400D4268A /* Supporting Files */ = {
			isa = PBXGroup;
			children = (
				C0CB71C61B01046400D4268A /* Info.plist */,
			);
			name = "Supporting Files";
			sourceTree = "<group>";
		};
		C0CB71DA1B01046400D4268A /* Providing Header and Footer in a CollectionViewTests */ = {
			isa = PBXGroup;
			children = (
				C0CB71DD1B01046400D4268A /* Providing_Header_and_Footer_in_a_CollectionViewTests.swift */,
				C0CB71DB1B01046400D4268A /* Supporting Files */,
			);
			path = "Providing Header and Footer in a CollectionViewTests";
			sourceTree = "<group>";
		};
		C0CB71DB1B01046400D4268A /* Supporting Files */ = {
			isa = PBXGroup;
			children = (
				C0CB71DC1B01046400D4268A /* Info.plist */,
			);
			name = "Supporting Files";
			sourceTree = "<group>";
		};
/* End PBXGroup section */

/* Begin PBXNativeTarget section */
		C0CB71C11B01046400D4268A /* Providing Header and Footer in a CollectionView */ = {
			isa = PBXNativeTarget;
			buildConfigurationList = C0CB71E11B01046400D4268A /* Build configuration list for PBXNativeTarget "Providing Header and Footer in a CollectionView" */;
			buildPhases = (
				C0CB71BE1B01046400D4268A /* Sources */,
				C0CB71BF1B01046400D4268A /* Frameworks */,
				C0CB71C01B01046400D4268A /* Resources */,
			);
			buildRules = (
			);
			dependencies = (
			);
			name = "Providing Header and Footer in a CollectionView";
			productName = "Providing Header and Footer in a CollectionView";
			productReference = C0CB71C21B01046400D4268A /* Providing Header and Footer in a CollectionView.app */;
			productType = "com.apple.product-type.application";
		};
		C0CB71D61B01046400D4268A /* Providing Header and Footer in a CollectionViewTests */ = {
			isa = PBXNativeTarget;
			buildConfigurationList = C0CB71E41B01046400D4268A /* Build configuration list for PBXNativeTarget "Providing Header and Footer in a CollectionViewTests" */;
			buildPhases = (
				C0CB71D31B01046400D4268A /* Sources */,
				C0CB71D41B01046400D4268A /* Frameworks */,
				C0CB71D51B01046400D4268A /* Resources */,
			);
			buildRules = (
			);
			dependencies = (
				C0CB71D91B01046400D4268A /* PBXTargetDependency */,
			);
			name = "Providing Header and Footer in a CollectionViewTests";
			productName = "Providing Header and Footer in a CollectionViewTests";
			productReference = C0CB71D71B01046400D4268A /* Providing Header and Footer in a CollectionViewTests.xctest */;
			productType = "com.apple.product-type.bundle.unit-test";
		};
/* End PBXNativeTarget section */

/* Begin PBXProject section */
		C0CB71BA1B01046400D4268A /* Project object */ = {
			isa = PBXProject;
			attributes = {
				LastUpgradeCheck = 0630;
				ORGANIZATIONNAME = Domenico;
				TargetAttributes = {
					C0CB71C11B01046400D4268A = {
						CreatedOnToolsVersion = 6.3.1;
					};
					C0CB71D61B01046400D4268A = {
						CreatedOnToolsVersion = 6.3.1;
						TestTargetID = C0CB71C11B01046400D4268A;
					};
				};
			};
			buildConfigurationList = C0CB71BD1B01046400D4268A /* Build configuration list for PBXProject "Providing Header and Footer in a CollectionView" */;
			compatibilityVersion = "Xcode 3.2";
			developmentRegion = English;
			hasScannedForEncodings = 0;
			knownRegions = (
				en,
				Base,
			);
			mainGroup = C0CB71B91B01046400D4268A;
			productRefGroup = C0CB71C31B01046400D4268A /* Products */;
			projectDirPath = "";
			projectRoot = "";
			targets = (
				C0CB71C11B01046400D4268A /* Providing Header and Footer in a CollectionView */,
				C0CB71D61B01046400D4268A /* Providing Header and Footer in a CollectionViewTests */,
			);
		};
/* End PBXProject section */

/* Begin PBXResourcesBuildPhase section */
		C0CB71C01B01046400D4268A /* Resources */ = {
			isa = PBXResourcesBuildPhase;
			buildActionMask = 2147483647;
			files = (
				C0CB71E81B0104B300D4268A /* Header.xib in Resources */,
				C0CB71CD1B01046400D4268A /* Main.storyboard in Resources */,
				C0CB71EA1B0104BC00D4268A /* Footer.xib in Resources */,
				C0CB71D21B01046400D4268A /* LaunchScreen.xib in Resources */,
				C0CB71CF1B01046400D4268A /* Images.xcassets in Resources */,
			);
			runOnlyForDeploymentPostprocessing = 0;
		};
		C0CB71D51B01046400D4268A /* Resources */ = {
			isa = PBXResourcesBuildPhase;
			buildActionMask = 2147483647;
			files = (
			);
			runOnlyForDeploymentPostprocessing = 0;
		};
/* End PBXResourcesBuildPhase section */

/* Begin PBXSourcesBuildPhase section */
		C0CB71BE1B01046400D4268A /* Sources */ = {
			isa = PBXSourcesBuildPhase;
			buildActionMask = 2147483647;
			files = (
				C0CB71CA1B01046400D4268A /* ViewController.swift in Sources */,
				C0CB71C81B01046400D4268A /* AppDelegate.swift in Sources */,
			);
			runOnlyForDeploymentPostprocessing = 0;
		};
		C0CB71D31B01046400D4268A /* Sources */ = {
			isa = PBXSourcesBuildPhase;
			buildActionMask = 2147483647;
			files = (
				C0CB71DE1B01046400D4268A /* Providing_Header_and_Footer_in_a_CollectionViewTests.swift in Sources */,
			);
			runOnlyForDeploymentPostprocessing = 0;
		};
/* End PBXSourcesBuildPhase section */

/* Begin PBXTargetDependency section */
		C0CB71D91B01046400D4268A /* PBXTargetDependency */ = {
			isa = PBXTargetDependency;
			target = C0CB71C11B01046400D4268A /* Providing Header and Footer in a CollectionView */;
			targetProxy = C0CB71D81B01046400D4268A /* PBXContainerItemProxy */;
		};
/* End PBXTargetDependency section */

/* Begin PBXVariantGroup section */
		C0CB71CB1B01046400D4268A /* Main.storyboard */ = {
			isa = PBXVariantGroup;
			children = (
				C0CB71CC1B01046400D4268A /* Base */,
			);
			name = Main.storyboard;
			sourceTree = "<group>";
		};
		C0CB71D01B01046400D4268A /* LaunchScreen.xib */ = {
			isa = PBXVariantGroup;
			children = (
				C0CB71D11B01046400D4268A /* Base */,
			);
			name = LaunchScreen.xib;
			sourceTree = "<group>";
		};
/* End PBXVariantGroup section */

/* Begin XCBuildConfiguration section */
		C0CB71DF1B01046400D4268A /* Debug */ = {
			isa = XCBuildConfiguration;
			buildSettings = {
				ALWAYS_SEARCH_USER_PATHS = NO;
				CLANG_CXX_LANGUAGE_STANDARD = "gnu++0x";
				CLANG_CXX_LIBRARY = "libc++";
				CLANG_ENABLE_MODULES = YES;
				CLANG_ENABLE_OBJC_ARC = YES;
				CLANG_WARN_BOOL_CONVERSION = YES;
				CLANG_WARN_CONSTANT_CONVERSION = YES;
				CLANG_WARN_DIRECT_OBJC_ISA_USAGE = YES_ERROR;
				CLANG_WARN_EMPTY_BODY = YES;
				CLANG_WARN_ENUM_CONVERSION = YES;
				CLANG_WARN_INT_CONVERSION = YES;
				CLANG_WARN_OBJC_ROOT_CLASS = YES_ERROR;
				CLANG_WARN_UNREACHABLE_CODE = YES;
				CLANG_WARN__DUPLICATE_METHOD_MATCH = YES;
				"CODE_SIGN_IDENTITY[sdk=iphoneos*]" = "iPhone Developer";
				COPY_PHASE_STRIP = NO;
				DEBUG_INFORMATION_FORMAT = "dwarf-with-dsym";
				ENABLE_STRICT_OBJC_MSGSEND = YES;
				GCC_C_LANGUAGE_STANDARD = gnu99;
				GCC_DYNAMIC_NO_PIC = NO;
				GCC_NO_COMMON_BLOCKS = YES;
				GCC_OPTIMIZATION_LEVEL = 0;
				GCC_PREPROCESSOR_DEFINITIONS = (
					"DEBUG=1",
					"$(inherited)",
				);
				GCC_SYMBOLS_PRIVATE_EXTERN = NO;
				GCC_WARN_64_TO_32_BIT_CONVERSION = YES;
				GCC_WARN_ABOUT_RETURN_TYPE = YES_ERROR;
				GCC_WARN_UNDECLARED_SELECTOR = YES;
				GCC_WARN_UNINITIALIZED_AUTOS = YES_AGGRESSIVE;
				GCC_WARN_UNUSED_FUNCTION = YES;
				GCC_WARN_UNUSED_VARIABLE = YES;
				IPHONEOS_DEPLOYMENT_TARGET = 8.3;
				MTL_ENABLE_DEBUG_INFO = YES;
				ONLY_ACTIVE_ARCH = YES;
				SDKROOT = iphoneos;
				SWIFT_OPTIMIZATION_LEVEL = "-Onone";
				TARGETED_DEVICE_FAMILY = "1,2";
			};
			name = Debug;
		};
		C0CB71E01B01046400D4268A /* Release */ = {
			isa = XCBuildConfiguration;
			buildSettings = {
				ALWAYS_SEARCH_USER_PATHS = NO;
				CLANG_CXX_LANGUAGE_STANDARD = "gnu++0x";
				CLANG_CXX_LIBRARY = "libc++";
				CLANG_ENABLE_MODULES = YES;
				CLANG_ENABLE_OBJC_ARC = YES;
				CLANG_WARN_BOOL_CONVERSION = YES;
				CLANG_WARN_CONSTANT_CONVERSION = YES;
				CLANG_WARN_DIRECT_OBJC_ISA_USAGE = YES_ERROR;
				CLANG_WARN_EMPTY_BODY = YES;
				CLANG_WARN_ENUM_CONVERSION = YES;
				CLANG_WARN_INT_CONVERSION = YES;
				CLANG_WARN_OBJC_ROOT_CLASS = YES_ERROR;
				CLANG_WARN_UNREACHABLE_CODE = YES;
				CLANG_WARN__DUPLICATE_METHOD_MATCH = YES;
				"CODE_SIGN_IDENTITY[sdk=iphoneos*]" = "iPhone Developer";
				COPY_PHASE_STRIP = NO;
				DEBUG_INFORMATION_FORMAT = "dwarf-with-dsym";
				ENABLE_NS_ASSERTIONS = NO;
				ENABLE_STRICT_OBJC_MSGSEND = YES;
				GCC_C_LANGUAGE_STANDARD = gnu99;
				GCC_NO_COMMON_BLOCKS = YES;
				GCC_WARN_64_TO_32_BIT_CONVERSION = YES;
				GCC_WARN_ABOUT_RETURN_TYPE = YES_ERROR;
				GCC_WARN_UNDECLARED_SELECTOR = YES;
				GCC_WARN_UNINITIALIZED_AUTOS = YES_AGGRESSIVE;
				GCC_WARN_UNUSED_FUNCTION = YES;
				GCC_WARN_UNUSED_VARIABLE = YES;
				IPHONEOS_DEPLOYMENT_TARGET = 8.3;
				MTL_ENABLE_DEBUG_INFO = NO;
				SDKROOT = iphoneos;
				TARGETED_DEVICE_FAMILY = "1,2";
				VALIDATE_PRODUCT = YES;
			};
			name = Release;
		};
		C0CB71E21B01046400D4268A /* Debug */ = {
			isa = XCBuildConfiguration;
			buildSettings = {
				ASSETCATALOG_COMPILER_APPICON_NAME = AppIcon;
				INFOPLIST_FILE = "Providing Header and Footer in a CollectionView/Info.plist";
				LD_RUNPATH_SEARCH_PATHS = "$(inherited) @executable_path/Frameworks";
				PRODUCT_NAME = "$(TARGET_NAME)";
			};
			name = Debug;
		};
		C0CB71E31B01046400D4268A /* Release */ = {
			isa = XCBuildConfiguration;
			buildSettings = {
				ASSETCATALOG_COMPILER_APPICON_NAME = AppIcon;
				INFOPLIST_FILE = "Providing Header and Footer in a CollectionView/Info.plist";
				LD_RUNPATH_SEARCH_PATHS = "$(inherited) @executable_path/Frameworks";
				PRODUCT_NAME = "$(TARGET_NAME)";
			};
			name = Release;
		};
		C0CB71E51B01046400D4268A /* Debug */ = {
			isa = XCBuildConfiguration;
			buildSettings = {
				BUNDLE_LOADER = "$(TEST_HOST)";
				FRAMEWORK_SEARCH_PATHS = (
					"$(SDKROOT)/Developer/Library/Frameworks",
					"$(inherited)",
				);
				GCC_PREPROCESSOR_DEFINITIONS = (
					"DEBUG=1",
					"$(inherited)",
				);
				INFOPLIST_FILE = "Providing Header and Footer in a CollectionViewTests/Info.plist";
				LD_RUNPATH_SEARCH_PATHS = "$(inherited) @executable_path/Frameworks @loader_path/Frameworks";
				PRODUCT_NAME = "$(TARGET_NAME)";
				TEST_HOST = "$(BUILT_PRODUCTS_DIR)/Providing Header and Footer in a CollectionView.app/Providing Header and Footer in a CollectionView";
			};
			name = Debug;
		};
		C0CB71E61B01046400D4268A /* Release */ = {
			isa = XCBuildConfiguration;
			buildSettings = {
				BUNDLE_LOADER = "$(TEST_HOST)";
				FRAMEWORK_SEARCH_PATHS = (
					"$(SDKROOT)/Developer/Library/Frameworks",
					"$(inherited)",
				);
				INFOPLIST_FILE = "Providing Header and Footer in a CollectionViewTests/Info.plist";
				LD_RUNPATH_SEARCH_PATHS = "$(inherited) @executable_path/Frameworks @loader_path/Frameworks";
				PRODUCT_NAME = "$(TARGET_NAME)";
				TEST_HOST = "$(BUILT_PRODUCTS_DIR)/Providing Header and Footer in a CollectionView.app/Providing Header and Footer in a CollectionView";
			};
			name = Release;
		};
/* End XCBuildConfiguration section */

/* Begin XCConfigurationList section */
		C0CB71BD1B01046400D4268A /* Build configuration list for PBXProject "Providing Header and Footer in a CollectionView" */ = {
			isa = XCConfigurationList;
			buildConfigurations = (
				C0CB71DF1B01046400D4268A /* Debug */,
				C0CB71E01B01046400D4268A /* Release */,
			);
			defaultConfigurationIsVisible = 0;
			defaultConfigurationName = Release;
		};
		C0CB71E11B01046400D4268A /* Build configuration list for PBXNativeTarget "Providing Header and Footer in a CollectionView" */ = {
			isa = XCConfigurationList;
			buildConfigurations = (
				C0CB71E21B01046400D4268A /* Debug */,
				C0CB71E31B01046400D4268A /* Release */,
			);
			defaultConfigurationIsVisible = 0;
		};
		C0CB71E41B01046400D4268A /* Build configuration list for PBXNativeTarget "Providing Header and Footer in a CollectionViewTests" */ = {
			isa = XCConfigurationList;
			buildConfigurations = (
				C0CB71E51B01046400D4268A /* Debug */,
				C0CB71E61B01046400D4268A /* Release */,
			);
			defaultConfigurationIsVisible = 0;
		};
/* End XCConfigurationList section */
	};
	rootObject = C0CB71BA1B01046400D4268A /* Project object */;
}
