// !$*UTF8*$!
{
	archiveVersion = 1;
	classes = {
	};
	objectVersion = 48;
	objects = {

/* Begin PBXBuildFile section */
		1FD9C2C41F46F51100770926 /* AppDelegate.swift in Sources */ = {isa = PBXBuildFile; fileRef = 1FD9C2C31F46F51100770926 /* AppDelegate.swift */; };
		1FD9C2C61F46F51100770926 /* art.scnassets in Resources */ = {isa = PBXBuildFile; fileRef = 1FD9C2C51F46F51100770926 /* art.scnassets */; };
		1FD9C2C81F46F51100770926 /* ViewController.swift in Sources */ = {isa = PBXBuildFile; fileRef = 1FD9C2C71F46F51100770926 /* ViewController.swift */; };
		1FD9C2CB1F46F51100770926 /* Main.storyboard in Resources */ = {isa = PBXBuildFile; fileRef = 1FD9C2C91F46F51100770926 /* Main.storyboard */; };
		1FD9C2CD1F46F51100770926 /* Assets.xcassets in Resources */ = {isa = PBXBuildFile; fileRef = 1FD9C2CC1F46F51100770926 /* Assets.xcassets */; };
		1FD9C2D01F46F51100770926 /* LaunchScreen.storyboard in Resources */ = {isa = PBXBuildFile; fileRef = 1FD9C2CE1F46F51100770926 /* LaunchScreen.storyboard */; };
		1FD9C2DB1F46F51100770926 /* ARKitByExampleTests.swift in Sources */ = {isa = PBXBuildFile; fileRef = 1FD9C2DA1F46F51100770926 /* ARKitByExampleTests.swift */; };
		1FD9C2E61F46F51100770926 /* ARKitByExampleUITests.swift in Sources */ = {isa = PBXBuildFile; fileRef = 1FD9C2E51F46F51100770926 /* ARKitByExampleUITests.swift */; };
/* End PBXBuildFile section */

/* Begin PBXContainerItemProxy section */
		1FD9C2D71F46F51100770926 /* PBXContainerItemProxy */ = {
			isa = PBXContainerItemProxy;
			containerPortal = 1FD9C2B81F46F51100770926 /* Project object */;
			proxyType = 1;
			remoteGlobalIDString = 1FD9C2BF1F46F51100770926;
			remoteInfo = ARKitByExample;
		};
		1FD9C2E21F46F51100770926 /* PBXContainerItemProxy */ = {
			isa = PBXContainerItemProxy;
			containerPortal = 1FD9C2B81F46F51100770926 /* Project object */;
			proxyType = 1;
			remoteGlobalIDString = 1FD9C2BF1F46F51100770926;
			remoteInfo = ARKitByExample;
		};
/* End PBXContainerItemProxy section */

/* Begin PBXFileReference section */
		1FD9C2C01F46F51100770926 /* ARKitByExample.app */ = {isa = PBXFileReference; explicitFileType = wrapper.application; includeInIndex = 0; path = ARKitByExample.app; sourceTree = BUILT_PRODUCTS_DIR; };
		1FD9C2C31F46F51100770926 /* AppDelegate.swift */ = {isa = PBXFileReference; lastKnownFileType = sourcecode.swift; path = AppDelegate.swift; sourceTree = "<group>"; };
		1FD9C2C51F46F51100770926 /* art.scnassets */ = {isa = PBXFileReference; lastKnownFileType = wrapper.scnassets; path = art.scnassets; sourceTree = "<group>"; };
		1FD9C2C71F46F51100770926 /* ViewController.swift */ = {isa = PBXFileReference; lastKnownFileType = sourcecode.swift; path = ViewController.swift; sourceTree = "<group>"; };
		1FD9C2CA1F46F51100770926 /* Base */ = {isa = PBXFileReference; lastKnownFileType = file.storyboard; name = Base; path = Base.lproj/Main.storyboard; sourceTree = "<group>"; };
		1FD9C2CC1F46F51100770926 /* Assets.xcassets */ = {isa = PBXFileReference; lastKnownFileType = folder.assetcatalog; path = Assets.xcassets; sourceTree = "<group>"; };
		1FD9C2CF1F46F51100770926 /* Base */ = {isa = PBXFileReference; lastKnownFileType = file.storyboard; name = Base; path = Base.lproj/LaunchScreen.storyboard; sourceTree = "<group>"; };
		1FD9C2D11F46F51100770926 /* Info.plist */ = {isa = PBXFileReference; lastKnownFileType = text.plist.xml; path = Info.plist; sourceTree = "<group>"; };
		1FD9C2D61F46F51100770926 /* ARKitByExampleTests.xctest */ = {isa = PBXFileReference; explicitFileType = wrapper.cfbundle; includeInIndex = 0; path = ARKitByExampleTests.xctest; sourceTree = BUILT_PRODUCTS_DIR; };
		1FD9C2DA1F46F51100770926 /* ARKitByExampleTests.swift */ = {isa = PBXFileReference; lastKnownFileType = sourcecode.swift; path = ARKitByExampleTests.swift; sourceTree = "<group>"; };
		1FD9C2DC1F46F51100770926 /* Info.plist */ = {isa = PBXFileReference; lastKnownFileType = text.plist.xml; path = Info.plist; sourceTree = "<group>"; };
		1FD9C2E11F46F51100770926 /* ARKitByExampleUITests.xctest */ = {isa = PBXFileReference; explicitFileType = wrapper.cfbundle; includeInIndex = 0; path = ARKitByExampleUITests.xctest; sourceTree = BUILT_PRODUCTS_DIR; };
		1FD9C2E51F46F51100770926 /* ARKitByExampleUITests.swift */ = {isa = PBXFileReference; lastKnownFileType = sourcecode.swift; path = ARKitByExampleUITests.swift; sourceTree = "<group>"; };
		1FD9C2E71F46F51100770926 /* Info.plist */ = {isa = PBXFileReference; lastKnownFileType = text.plist.xml; path = Info.plist; sourceTree = "<group>"; };
/* End PBXFileReference section */

/* Begin PBXFrameworksBuildPhase section */
		1FD9C2BD1F46F51100770926 /* Frameworks */ = {
			isa = PBXFrameworksBuildPhase;
			buildActionMask = 2147483647;
			files = (
			);
			runOnlyForDeploymentPostprocessing = 0;
		};
		1FD9C2D31F46F51100770926 /* Frameworks */ = {
			isa = PBXFrameworksBuildPhase;
			buildActionMask = 2147483647;
			files = (
			);
			runOnlyForDeploymentPostprocessing = 0;
		};
		1FD9C2DE1F46F51100770926 /* Frameworks */ = {
			isa = PBXFrameworksBuildPhase;
			buildActionMask = 2147483647;
			files = (
			);
			runOnlyForDeploymentPostprocessing = 0;
		};
/* End PBXFrameworksBuildPhase section */

/* Begin PBXGroup section */
		1FD9C2B71F46F51100770926 = {
			isa = PBXGroup;
			children = (
				1FD9C2C21F46F51100770926 /* ARKitByExample */,
				1FD9C2D91F46F51100770926 /* ARKitByExampleTests */,
				1FD9C2E41F46F51100770926 /* ARKitByExampleUITests */,
				1FD9C2C11F46F51100770926 /* Products */,
			);
			sourceTree = "<group>";
		};
		1FD9C2C11F46F51100770926 /* Products */ = {
			isa = PBXGroup;
			children = (
				1FD9C2C01F46F51100770926 /* ARKitByExample.app */,
				1FD9C2D61F46F51100770926 /* ARKitByExampleTests.xctest */,
				1FD9C2E11F46F51100770926 /* ARKitByExampleUITests.xctest */,
			);
			name = Products;
			sourceTree = "<group>";
		};
		1FD9C2C21F46F51100770926 /* ARKitByExample */ = {
			isa = PBXGroup;
			children = (
				1FD9C2C31F46F51100770926 /* AppDelegate.swift */,
				1FD9C2C51F46F51100770926 /* art.scnassets */,
				1FD9C2C71F46F51100770926 /* ViewController.swift */,
				1FD9C2C91F46F51100770926 /* Main.storyboard */,
				1FD9C2CC1F46F51100770926 /* Assets.xcassets */,
				1FD9C2CE1F46F51100770926 /* LaunchScreen.storyboard */,
				1FD9C2D11F46F51100770926 /* Info.plist */,
			);
			path = ARKitByExample;
			sourceTree = "<group>";
		};
		1FD9C2D91F46F51100770926 /* ARKitByExampleTests */ = {
			isa = PBXGroup;
			children = (
				1FD9C2DA1F46F51100770926 /* ARKitByExampleTests.swift */,
				1FD9C2DC1F46F51100770926 /* Info.plist */,
			);
			path = ARKitByExampleTests;
			sourceTree = "<group>";
		};
		1FD9C2E41F46F51100770926 /* ARKitByExampleUITests */ = {
			isa = PBXGroup;
			children = (
				1FD9C2E51F46F51100770926 /* ARKitByExampleUITests.swift */,
				1FD9C2E71F46F51100770926 /* Info.plist */,
			);
			path = ARKitByExampleUITests;
			sourceTree = "<group>";
		};
/* End PBXGroup section */

/* Begin PBXNativeTarget section */
		1FD9C2BF1F46F51100770926 /* ARKitByExample */ = {
			isa = PBXNativeTarget;
			buildConfigurationList = 1FD9C2EA1F46F51100770926 /* Build configuration list for PBXNativeTarget "ARKitByExample" */;
			buildPhases = (
				1FD9C2BC1F46F51100770926 /* Sources */,
				1FD9C2BD1F46F51100770926 /* Frameworks */,
				1FD9C2BE1F46F51100770926 /* Resources */,
			);
			buildRules = (
			);
			dependencies = (
			);
			name = ARKitByExample;
			productName = ARKitByExample;
			productReference = 1FD9C2C01F46F51100770926 /* ARKitByExample.app */;
			productType = "com.apple.product-type.application";
		};
		1FD9C2D51F46F51100770926 /* ARKitByExampleTests */ = {
			isa = PBXNativeTarget;
			buildConfigurationList = 1FD9C2ED1F46F51100770926 /* Build configuration list for PBXNativeTarget "ARKitByExampleTests" */;
			buildPhases = (
				1FD9C2D21F46F51100770926 /* Sources */,
				1FD9C2D31F46F51100770926 /* Frameworks */,
				1FD9C2D41F46F51100770926 /* Resources */,
			);
			buildRules = (
			);
			dependencies = (
				1FD9C2D81F46F51100770926 /* PBXTargetDependency */,
			);
			name = ARKitByExampleTests;
			productName = ARKitByExampleTests;
			productReference = 1FD9C2D61F46F51100770926 /* ARKitByExampleTests.xctest */;
			productType = "com.apple.product-type.bundle.unit-test";
		};
		1FD9C2E01F46F51100770926 /* ARKitByExampleUITests */ = {
			isa = PBXNativeTarget;
			buildConfigurationList = 1FD9C2F01F46F51100770926 /* Build configuration list for PBXNativeTarget "ARKitByExampleUITests" */;
			buildPhases = (
				1FD9C2DD1F46F51100770926 /* Sources */,
				1FD9C2DE1F46F51100770926 /* Frameworks */,
				1FD9C2DF1F46F51100770926 /* Resources */,
			);
			buildRules = (
			);
			dependencies = (
				1FD9C2E31F46F51100770926 /* PBXTargetDependency */,
			);
			name = ARKitByExampleUITests;
			productName = ARKitByExampleUITests;
			productReference = 1FD9C2E11F46F51100770926 /* ARKitByExampleUITests.xctest */;
			productType = "com.apple.product-type.bundle.ui-testing";
		};
/* End PBXNativeTarget section */

/* Begin PBXProject section */
		1FD9C2B81F46F51100770926 /* Project object */ = {
			isa = PBXProject;
			attributes = {
				LastSwiftUpdateCheck = 0900;
				LastUpgradeCheck = 0900;
				ORGANIZATIONNAME = "Domenico Solazzo";
				TargetAttributes = {
					1FD9C2BF1F46F51100770926 = {
						CreatedOnToolsVersion = 9.0;
					};
					1FD9C2D51F46F51100770926 = {
						CreatedOnToolsVersion = 9.0;
						TestTargetID = 1FD9C2BF1F46F51100770926;
					};
					1FD9C2E01F46F51100770926 = {
						CreatedOnToolsVersion = 9.0;
						TestTargetID = 1FD9C2BF1F46F51100770926;
					};
				};
			};
			buildConfigurationList = 1FD9C2BB1F46F51100770926 /* Build configuration list for PBXProject "ARKitByExample" */;
			compatibilityVersion = "Xcode 8.0";
			developmentRegion = en;
			hasScannedForEncodings = 0;
			knownRegions = (
				en,
				Base,
			);
			mainGroup = 1FD9C2B71F46F51100770926;
			productRefGroup = 1FD9C2C11F46F51100770926 /* Products */;
			projectDirPath = "";
			projectRoot = "";
			targets = (
				1FD9C2BF1F46F51100770926 /* ARKitByExample */,
				1FD9C2D51F46F51100770926 /* ARKitByExampleTests */,
				1FD9C2E01F46F51100770926 /* ARKitByExampleUITests */,
			);
		};
/* End PBXProject section */

/* Begin PBXResourcesBuildPhase section */
		1FD9C2BE1F46F51100770926 /* Resources */ = {
			isa = PBXResourcesBuildPhase;
			buildActionMask = 2147483647;
			files = (
				1FD9C2C61F46F51100770926 /* art.scnassets in Resources */,
				1FD9C2D01F46F51100770926 /* LaunchScreen.storyboard in Resources */,
				1FD9C2CD1F46F51100770926 /* Assets.xcassets in Resources */,
				1FD9C2CB1F46F51100770926 /* Main.storyboard in Resources */,
			);
			runOnlyForDeploymentPostprocessing = 0;
		};
		1FD9C2D41F46F51100770926 /* Resources */ = {
			isa = PBXResourcesBuildPhase;
			buildActionMask = 2147483647;
			files = (
			);
			runOnlyForDeploymentPostprocessing = 0;
		};
		1FD9C2DF1F46F51100770926 /* Resources */ = {
			isa = PBXResourcesBuildPhase;
			buildActionMask = 2147483647;
			files = (
			);
			runOnlyForDeploymentPostprocessing = 0;
		};
/* End PBXResourcesBuildPhase section */

/* Begin PBXSourcesBuildPhase section */
		1FD9C2BC1F46F51100770926 /* Sources */ = {
			isa = PBXSourcesBuildPhase;
			buildActionMask = 2147483647;
			files = (
				1FD9C2C81F46F51100770926 /* ViewController.swift in Sources */,
				1FD9C2C41F46F51100770926 /* AppDelegate.swift in Sources */,
			);
			runOnlyForDeploymentPostprocessing = 0;
		};
		1FD9C2D21F46F51100770926 /* Sources */ = {
			isa = PBXSourcesBuildPhase;
			buildActionMask = 2147483647;
			files = (
				1FD9C2DB1F46F51100770926 /* ARKitByExampleTests.swift in Sources */,
			);
			runOnlyForDeploymentPostprocessing = 0;
		};
		1FD9C2DD1F46F51100770926 /* Sources */ = {
			isa = PBXSourcesBuildPhase;
			buildActionMask = 2147483647;
			files = (
				1FD9C2E61F46F51100770926 /* ARKitByExampleUITests.swift in Sources */,
			);
			runOnlyForDeploymentPostprocessing = 0;
		};
/* End PBXSourcesBuildPhase section */

/* Begin PBXTargetDependency section */
		1FD9C2D81F46F51100770926 /* PBXTargetDependency */ = {
			isa = PBXTargetDependency;
			target = 1FD9C2BF1F46F51100770926 /* ARKitByExample */;
			targetProxy = 1FD9C2D71F46F51100770926 /* PBXContainerItemProxy */;
		};
		1FD9C2E31F46F51100770926 /* PBXTargetDependency */ = {
			isa = PBXTargetDependency;
			target = 1FD9C2BF1F46F51100770926 /* ARKitByExample */;
			targetProxy = 1FD9C2E21F46F51100770926 /* PBXContainerItemProxy */;
		};
/* End PBXTargetDependency section */

/* Begin PBXVariantGroup section */
		1FD9C2C91F46F51100770926 /* Main.storyboard */ = {
			isa = PBXVariantGroup;
			children = (
				1FD9C2CA1F46F51100770926 /* Base */,
			);
			name = Main.storyboard;
			sourceTree = "<group>";
		};
		1FD9C2CE1F46F51100770926 /* LaunchScreen.storyboard */ = {
			isa = PBXVariantGroup;
			children = (
				1FD9C2CF1F46F51100770926 /* Base */,
			);
			name = LaunchScreen.storyboard;
			sourceTree = "<group>";
		};
/* End PBXVariantGroup section */

/* Begin XCBuildConfiguration section */
		1FD9C2E81F46F51100770926 /* Debug */ = {
			isa = XCBuildConfiguration;
			buildSettings = {
				ALWAYS_SEARCH_USER_PATHS = NO;
				CLANG_ANALYZER_NONNULL = YES;
				CLANG_ANALYZER_NUMBER_OBJECT_CONVERSION = YES_AGGRESSIVE;
				CLANG_CXX_LANGUAGE_STANDARD = "gnu++14";
				CLANG_CXX_LIBRARY = "libc++";
				CLANG_ENABLE_MODULES = YES;
				CLANG_ENABLE_OBJC_ARC = YES;
				CLANG_WARN_BLOCK_CAPTURE_AUTORELEASING = YES;
				CLANG_WARN_BOOL_CONVERSION = YES;
				CLANG_WARN_COMMA = YES;
				CLANG_WARN_CONSTANT_CONVERSION = YES;
				CLANG_WARN_DIRECT_OBJC_ISA_USAGE = YES_ERROR;
				CLANG_WARN_DOCUMENTATION_COMMENTS = YES;
				CLANG_WARN_EMPTY_BODY = YES;
				CLANG_WARN_ENUM_CONVERSION = YES;
				CLANG_WARN_INFINITE_RECURSION = YES;
				CLANG_WARN_INT_CONVERSION = YES;
				CLANG_WARN_NON_LITERAL_NULL_CONVERSION = YES;
				CLANG_WARN_OBJC_LITERAL_CONVERSION = YES;
				CLANG_WARN_OBJC_ROOT_CLASS = YES_ERROR;
				CLANG_WARN_RANGE_LOOP_ANALYSIS = YES;
				CLANG_WARN_STRICT_PROTOTYPES = YES;
				CLANG_WARN_SUSPICIOUS_MOVE = YES;
				CLANG_WARN_UNGUARDED_AVAILABILITY = YES_AGGRESSIVE;
				CLANG_WARN_UNREACHABLE_CODE = YES;
				CLANG_WARN__DUPLICATE_METHOD_MATCH = YES;
				CODE_SIGN_IDENTITY = "iPhone Developer";
				COPY_PHASE_STRIP = NO;
				DEBUG_INFORMATION_FORMAT = dwarf;
				ENABLE_STRICT_OBJC_MSGSEND = YES;
				ENABLE_TESTABILITY = YES;
				GCC_C_LANGUAGE_STANDARD = gnu11;
				GCC_DYNAMIC_NO_PIC = NO;
				GCC_NO_COMMON_BLOCKS = YES;
				GCC_OPTIMIZATION_LEVEL = 0;
				GCC_PREPROCESSOR_DEFINITIONS = (
					"DEBUG=1",
					"$(inherited)",
				);
				GCC_WARN_64_TO_32_BIT_CONVERSION = YES;
				GCC_WARN_ABOUT_RETURN_TYPE = YES_ERROR;
				GCC_WARN_UNDECLARED_SELECTOR = YES;
				GCC_WARN_UNINITIALIZED_AUTOS = YES_AGGRESSIVE;
				GCC_WARN_UNUSED_FUNCTION = YES;
				GCC_WARN_UNUSED_VARIABLE = YES;
				IPHONEOS_DEPLOYMENT_TARGET = 11.0;
				MTL_ENABLE_DEBUG_INFO = YES;
				ONLY_ACTIVE_ARCH = YES;
				SDKROOT = iphoneos;
				SWIFT_ACTIVE_COMPILATION_CONDITIONS = DEBUG;
				SWIFT_OPTIMIZATION_LEVEL = "-Onone";
			};
			name = Debug;
		};
		1FD9C2E91F46F51100770926 /* Release */ = {
			isa = XCBuildConfiguration;
			buildSettings = {
				ALWAYS_SEARCH_USER_PATHS = NO;
				CLANG_ANALYZER_NONNULL = YES;
				CLANG_ANALYZER_NUMBER_OBJECT_CONVERSION = YES_AGGRESSIVE;
				CLANG_CXX_LANGUAGE_STANDARD = "gnu++14";
				CLANG_CXX_LIBRARY = "libc++";
				CLANG_ENABLE_MODULES = YES;
				CLANG_ENABLE_OBJC_ARC = YES;
				CLANG_WARN_BLOCK_CAPTURE_AUTORELEASING = YES;
				CLANG_WARN_BOOL_CONVERSION = YES;
				CLANG_WARN_COMMA = YES;
				CLANG_WARN_CONSTANT_CONVERSION = YES;
				CLANG_WARN_DIRECT_OBJC_ISA_USAGE = YES_ERROR;
				CLANG_WARN_DOCUMENTATION_COMMENTS = YES;
				CLANG_WARN_EMPTY_BODY = YES;
				CLANG_WARN_ENUM_CONVERSION = YES;
				CLANG_WARN_INFINITE_RECURSION = YES;
				CLANG_WARN_INT_CONVERSION = YES;
				CLANG_WARN_NON_LITERAL_NULL_CONVERSION = YES;
				CLANG_WARN_OBJC_LITERAL_CONVERSION = YES;
				CLANG_WARN_OBJC_ROOT_CLASS = YES_ERROR;
				CLANG_WARN_RANGE_LOOP_ANALYSIS = YES;
				CLANG_WARN_STRICT_PROTOTYPES = YES;
				CLANG_WARN_SUSPICIOUS_MOVE = YES;
				CLANG_WARN_UNGUARDED_AVAILABILITY = YES_AGGRESSIVE;
				CLANG_WARN_UNREACHABLE_CODE = YES;
				CLANG_WARN__DUPLICATE_METHOD_MATCH = YES;
				CODE_SIGN_IDENTITY = "iPhone Developer";
				COPY_PHASE_STRIP = NO;
				DEBUG_INFORMATION_FORMAT = "dwarf-with-dsym";
				ENABLE_NS_ASSERTIONS = NO;
				ENABLE_STRICT_OBJC_MSGSEND = YES;
				GCC_C_LANGUAGE_STANDARD = gnu11;
				GCC_NO_COMMON_BLOCKS = YES;
				GCC_WARN_64_TO_32_BIT_CONVERSION = YES;
				GCC_WARN_ABOUT_RETURN_TYPE = YES_ERROR;
				GCC_WARN_UNDECLARED_SELECTOR = YES;
				GCC_WARN_UNINITIALIZED_AUTOS = YES_AGGRESSIVE;
				GCC_WARN_UNUSED_FUNCTION = YES;
				GCC_WARN_UNUSED_VARIABLE = YES;
				IPHONEOS_DEPLOYMENT_TARGET = 11.0;
				MTL_ENABLE_DEBUG_INFO = NO;
				SDKROOT = iphoneos;
				SWIFT_OPTIMIZATION_LEVEL = "-Owholemodule";
				VALIDATE_PRODUCT = YES;
			};
			name = Release;
		};
		1FD9C2EB1F46F51100770926 /* Debug */ = {
			isa = XCBuildConfiguration;
			buildSettings = {
				ASSETCATALOG_COMPILER_APPICON_NAME = AppIcon;
				DEVELOPMENT_TEAM = 8YWZZG9DK7;
				INFOPLIST_FILE = ARKitByExample/Info.plist;
				LD_RUNPATH_SEARCH_PATHS = "$(inherited) @executable_path/Frameworks";
				PRODUCT_BUNDLE_IDENTIFIER = com.domenicosolazzo.ios.ar.ARKitByExample;
				PRODUCT_NAME = "$(TARGET_NAME)";
				SWIFT_VERSION = 4.0;
				TARGETED_DEVICE_FAMILY = "1,2";
			};
			name = Debug;
		};
		1FD9C2EC1F46F51100770926 /* Release */ = {
			isa = XCBuildConfiguration;
			buildSettings = {
				ASSETCATALOG_COMPILER_APPICON_NAME = AppIcon;
				DEVELOPMENT_TEAM = 8YWZZG9DK7;
				INFOPLIST_FILE = ARKitByExample/Info.plist;
				LD_RUNPATH_SEARCH_PATHS = "$(inherited) @executable_path/Frameworks";
				PRODUCT_BUNDLE_IDENTIFIER = com.domenicosolazzo.ios.ar.ARKitByExample;
				PRODUCT_NAME = "$(TARGET_NAME)";
				SWIFT_VERSION = 4.0;
				TARGETED_DEVICE_FAMILY = "1,2";
			};
			name = Release;
		};
		1FD9C2EE1F46F51100770926 /* Debug */ = {
			isa = XCBuildConfiguration;
			buildSettings = {
				ALWAYS_EMBED_SWIFT_STANDARD_LIBRARIES = YES;
				BUNDLE_LOADER = "$(TEST_HOST)";
				DEVELOPMENT_TEAM = 8YWZZG9DK7;
				INFOPLIST_FILE = ARKitByExampleTests/Info.plist;
				LD_RUNPATH_SEARCH_PATHS = "$(inherited) @executable_path/Frameworks @loader_path/Frameworks";
				PRODUCT_BUNDLE_IDENTIFIER = com.domenicosolazzo.ios.ar.ARKitByExampleTests;
				PRODUCT_NAME = "$(TARGET_NAME)";
				SWIFT_VERSION = 4.0;
				TARGETED_DEVICE_FAMILY = "1,2";
				TEST_HOST = "$(BUILT_PRODUCTS_DIR)/ARKitByExample.app/ARKitByExample";
			};
			name = Debug;
		};
		1FD9C2EF1F46F51100770926 /* Release */ = {
			isa = XCBuildConfiguration;
			buildSettings = {
				ALWAYS_EMBED_SWIFT_STANDARD_LIBRARIES = YES;
				BUNDLE_LOADER = "$(TEST_HOST)";
				DEVELOPMENT_TEAM = 8YWZZG9DK7;
				INFOPLIST_FILE = ARKitByExampleTests/Info.plist;
				LD_RUNPATH_SEARCH_PATHS = "$(inherited) @executable_path/Frameworks @loader_path/Frameworks";
				PRODUCT_BUNDLE_IDENTIFIER = com.domenicosolazzo.ios.ar.ARKitByExampleTests;
				PRODUCT_NAME = "$(TARGET_NAME)";
				SWIFT_VERSION = 4.0;
				TARGETED_DEVICE_FAMILY = "1,2";
				TEST_HOST = "$(BUILT_PRODUCTS_DIR)/ARKitByExample.app/ARKitByExample";
			};
			name = Release;
		};
		1FD9C2F11F46F51100770926 /* Debug */ = {
			isa = XCBuildConfiguration;
			buildSettings = {
				ALWAYS_EMBED_SWIFT_STANDARD_LIBRARIES = YES;
				DEVELOPMENT_TEAM = 8YWZZG9DK7;
				INFOPLIST_FILE = ARKitByExampleUITests/Info.plist;
				LD_RUNPATH_SEARCH_PATHS = "$(inherited) @executable_path/Frameworks @loader_path/Frameworks";
				PRODUCT_BUNDLE_IDENTIFIER = com.domenicosolazzo.ios.ar.ARKitByExampleUITests;
				PRODUCT_NAME = "$(TARGET_NAME)";
				SWIFT_VERSION = 4.0;
				TARGETED_DEVICE_FAMILY = "1,2";
				TEST_TARGET_NAME = ARKitByExample;
			};
			name = Debug;
		};
		1FD9C2F21F46F51100770926 /* Release */ = {
			isa = XCBuildConfiguration;
			buildSettings = {
				ALWAYS_EMBED_SWIFT_STANDARD_LIBRARIES = YES;
				DEVELOPMENT_TEAM = 8YWZZG9DK7;
				INFOPLIST_FILE = ARKitByExampleUITests/Info.plist;
				LD_RUNPATH_SEARCH_PATHS = "$(inherited) @executable_path/Frameworks @loader_path/Frameworks";
				PRODUCT_BUNDLE_IDENTIFIER = com.domenicosolazzo.ios.ar.ARKitByExampleUITests;
				PRODUCT_NAME = "$(TARGET_NAME)";
				SWIFT_VERSION = 4.0;
				TARGETED_DEVICE_FAMILY = "1,2";
				TEST_TARGET_NAME = ARKitByExample;
			};
			name = Release;
		};
/* End XCBuildConfiguration section */

/* Begin XCConfigurationList section */
		1FD9C2BB1F46F51100770926 /* Build configuration list for PBXProject "ARKitByExample" */ = {
			isa = XCConfigurationList;
			buildConfigurations = (
				1FD9C2E81F46F51100770926 /* Debug */,
				1FD9C2E91F46F51100770926 /* Release */,
			);
			defaultConfigurationIsVisible = 0;
			defaultConfigurationName = Release;
		};
		1FD9C2EA1F46F51100770926 /* Build configuration list for PBXNativeTarget "ARKitByExample" */ = {
			isa = XCConfigurationList;
			buildConfigurations = (
				1FD9C2EB1F46F51100770926 /* Debug */,
				1FD9C2EC1F46F51100770926 /* Release */,
			);
			defaultConfigurationIsVisible = 0;
			defaultConfigurationName = Release;
		};
		1FD9C2ED1F46F51100770926 /* Build configuration list for PBXNativeTarget "ARKitByExampleTests" */ = {
			isa = XCConfigurationList;
			buildConfigurations = (
				1FD9C2EE1F46F51100770926 /* Debug */,
				1FD9C2EF1F46F51100770926 /* Release */,
			);
			defaultConfigurationIsVisible = 0;
			defaultConfigurationName = Release;
		};
		1FD9C2F01F46F51100770926 /* Build configuration list for PBXNativeTarget "ARKitByExampleUITests" */ = {
			isa = XCConfigurationList;
			buildConfigurations = (
				1FD9C2F11F46F51100770926 /* Debug */,
				1FD9C2F21F46F51100770926 /* Release */,
			);
			defaultConfigurationIsVisible = 0;
			defaultConfigurationName = Release;
		};
/* End XCConfigurationList section */
	};
	rootObject = 1FD9C2B81F46F51100770926 /* Project object */;
}
